// !$*UTF8*$!
{
	archiveVersion = 1;
	classes = {
	};
	objectVersion = 46;
	objects = {

/* Begin PBXBuildFile section */
		28E778A31C23115C00175DE9 /* AppDelegate.swift in Sources */ = {isa = PBXBuildFile; fileRef = 28E778A21C23115C00175DE9 /* AppDelegate.swift */; };
		28E778A51C23115C00175DE9 /* ViewController.swift in Sources */ = {isa = PBXBuildFile; fileRef = 28E778A41C23115C00175DE9 /* ViewController.swift */; };
		28E778A81C23115C00175DE9 /* Main.storyboard in Resources */ = {isa = PBXBuildFile; fileRef = 28E778A61C23115C00175DE9 /* Main.storyboard */; };
		28E778AA1C23115C00175DE9 /* Assets.xcassets in Resources */ = {isa = PBXBuildFile; fileRef = 28E778A91C23115C00175DE9 /* Assets.xcassets */; };
		28E778AD1C23115C00175DE9 /* LaunchScreen.storyboard in Resources */ = {isa = PBXBuildFile; fileRef = 28E778AB1C23115C00175DE9 /* LaunchScreen.storyboard */; };
		28E778B81C23115C00175DE9 /* cat_yearsTests.swift in Sources */ = {isa = PBXBuildFile; fileRef = 28E778B71C23115C00175DE9 /* cat_yearsTests.swift */; };
		28E778C31C23115C00175DE9 /* cat_yearsUITests.swift in Sources */ = {isa = PBXBuildFile; fileRef = 28E778C21C23115C00175DE9 /* cat_yearsUITests.swift */; };
/* End PBXBuildFile section */

/* Begin PBXContainerItemProxy section */
		28E778B41C23115C00175DE9 /* PBXContainerItemProxy */ = {
			isa = PBXContainerItemProxy;
			containerPortal = 28E778971C23115C00175DE9 /* Project object */;
			proxyType = 1;
			remoteGlobalIDString = 28E7789E1C23115C00175DE9;
			remoteInfo = "cat years";
		};
		28E778BF1C23115C00175DE9 /* PBXContainerItemProxy */ = {
			isa = PBXContainerItemProxy;
			containerPortal = 28E778971C23115C00175DE9 /* Project object */;
			proxyType = 1;
			remoteGlobalIDString = 28E7789E1C23115C00175DE9;
			remoteInfo = "cat years";
		};
/* End PBXContainerItemProxy section */

/* Begin PBXFileReference section */
		28E7789F1C23115C00175DE9 /* cat years.app */ = {isa = PBXFileReference; explicitFileType = wrapper.application; includeInIndex = 0; path = "cat years.app"; sourceTree = BUILT_PRODUCTS_DIR; };
		28E778A21C23115C00175DE9 /* AppDelegate.swift */ = {isa = PBXFileReference; lastKnownFileType = sourcecode.swift; path = AppDelegate.swift; sourceTree = "<group>"; };
		28E778A41C23115C00175DE9 /* ViewController.swift */ = {isa = PBXFileReference; lastKnownFileType = sourcecode.swift; path = ViewController.swift; sourceTree = "<group>"; };
		28E778A71C23115C00175DE9 /* Base */ = {isa = PBXFileReference; lastKnownFileType = file.storyboard; name = Base; path = Base.lproj/Main.storyboard; sourceTree = "<group>"; };
		28E778A91C23115C00175DE9 /* Assets.xcassets */ = {isa = PBXFileReference; lastKnownFileType = folder.assetcatalog; path = Assets.xcassets; sourceTree = "<group>"; };
		28E778AC1C23115C00175DE9 /* Base */ = {isa = PBXFileReference; lastKnownFileType = file.storyboard; name = Base; path = Base.lproj/LaunchScreen.storyboard; sourceTree = "<group>"; };
		28E778AE1C23115C00175DE9 /* Info.plist */ = {isa = PBXFileReference; lastKnownFileType = text.plist.xml; path = Info.plist; sourceTree = "<group>"; };
		28E778B31C23115C00175DE9 /* cat yearsTests.xctest */ = {isa = PBXFileReference; explicitFileType = wrapper.cfbundle; includeInIndex = 0; path = "cat yearsTests.xctest"; sourceTree = BUILT_PRODUCTS_DIR; };
		28E778B71C23115C00175DE9 /* cat_yearsTests.swift */ = {isa = PBXFileReference; lastKnownFileType = sourcecode.swift; path = cat_yearsTests.swift; sourceTree = "<group>"; };
		28E778B91C23115C00175DE9 /* Info.plist */ = {isa = PBXFileReference; lastKnownFileType = text.plist.xml; path = Info.plist; sourceTree = "<group>"; };
		28E778BE1C23115C00175DE9 /* cat yearsUITests.xctest */ = {isa = PBXFileReference; explicitFileType = wrapper.cfbundle; includeInIndex = 0; path = "cat yearsUITests.xctest"; sourceTree = BUILT_PRODUCTS_DIR; };
		28E778C21C23115C00175DE9 /* cat_yearsUITests.swift */ = {isa = PBXFileReference; lastKnownFileType = sourcecode.swift; path = cat_yearsUITests.swift; sourceTree = "<group>"; };
		28E778C41C23115C00175DE9 /* Info.plist */ = {isa = PBXFileReference; lastKnownFileType = text.plist.xml; path = Info.plist; sourceTree = "<group>"; };
/* End PBXFileReference section */

/* Begin PBXFrameworksBuildPhase section */
		28E7789C1C23115C00175DE9 /* Frameworks */ = {
			isa = PBXFrameworksBuildPhase;
			buildActionMask = 2147483647;
			files = (
			);
			runOnlyForDeploymentPostprocessing = 0;
		};
		28E778B01C23115C00175DE9 /* Frameworks */ = {
			isa = PBXFrameworksBuildPhase;
			buildActionMask = 2147483647;
			files = (
			);
			runOnlyForDeploymentPostprocessing = 0;
		};
		28E778BB1C23115C00175DE9 /* Frameworks */ = {
			isa = PBXFrameworksBuildPhase;
			buildActionMask = 2147483647;
			files = (
			);
			runOnlyForDeploymentPostprocessing = 0;
		};
/* End PBXFrameworksBuildPhase section */

/* Begin PBXGroup section */
		28E778961C23115C00175DE9 = {
			isa = PBXGroup;
			children = (
				28E778A11C23115C00175DE9 /* cat years */,
				28E778B61C23115C00175DE9 /* cat yearsTests */,
				28E778C11C23115C00175DE9 /* cat yearsUITests */,
				28E778A01C23115C00175DE9 /* Products */,
			);
			sourceTree = "<group>";
		};
		28E778A01C23115C00175DE9 /* Products */ = {
			isa = PBXGroup;
			children = (
				28E7789F1C23115C00175DE9 /* cat years.app */,
				28E778B31C23115C00175DE9 /* cat yearsTests.xctest */,
				28E778BE1C23115C00175DE9 /* cat yearsUITests.xctest */,
			);
			name = Products;
			sourceTree = "<group>";
		};
		28E778A11C23115C00175DE9 /* cat years */ = {
			isa = PBXGroup;
			children = (
				28E778A21C23115C00175DE9 /* AppDelegate.swift */,
				28E778A41C23115C00175DE9 /* ViewController.swift */,
				28E778A61C23115C00175DE9 /* Main.storyboard */,
				28E778A91C23115C00175DE9 /* Assets.xcassets */,
				28E778AB1C23115C00175DE9 /* LaunchScreen.storyboard */,
				28E778AE1C23115C00175DE9 /* Info.plist */,
			);
			path = "cat years";
			sourceTree = "<group>";
		};
		28E778B61C23115C00175DE9 /* cat yearsTests */ = {
			isa = PBXGroup;
			children = (
				28E778B71C23115C00175DE9 /* cat_yearsTests.swift */,
				28E778B91C23115C00175DE9 /* Info.plist */,
			);
			path = "cat yearsTests";
			sourceTree = "<group>";
		};
		28E778C11C23115C00175DE9 /* cat yearsUITests */ = {
			isa = PBXGroup;
			children = (
				28E778C21C23115C00175DE9 /* cat_yearsUITests.swift */,
				28E778C41C23115C00175DE9 /* Info.plist */,
			);
			path = "cat yearsUITests";
			sourceTree = "<group>";
		};
/* End PBXGroup section */

/* Begin PBXNativeTarget section */
		28E7789E1C23115C00175DE9 /* cat years */ = {
			isa = PBXNativeTarget;
			buildConfigurationList = 28E778C71C23115C00175DE9 /* Build configuration list for PBXNativeTarget "cat years" */;
			buildPhases = (
				28E7789B1C23115C00175DE9 /* Sources */,
				28E7789C1C23115C00175DE9 /* Frameworks */,
				28E7789D1C23115C00175DE9 /* Resources */,
			);
			buildRules = (
			);
			dependencies = (
			);
			name = "cat years";
			productName = "cat years";
			productReference = 28E7789F1C23115C00175DE9 /* cat years.app */;
			productType = "com.apple.product-type.application";
		};
		28E778B21C23115C00175DE9 /* cat yearsTests */ = {
			isa = PBXNativeTarget;
			buildConfigurationList = 28E778CA1C23115C00175DE9 /* Build configuration list for PBXNativeTarget "cat yearsTests" */;
			buildPhases = (
				28E778AF1C23115C00175DE9 /* Sources */,
				28E778B01C23115C00175DE9 /* Frameworks */,
				28E778B11C23115C00175DE9 /* Resources */,
			);
			buildRules = (
			);
			dependencies = (
				28E778B51C23115C00175DE9 /* PBXTargetDependency */,
			);
			name = "cat yearsTests";
			productName = "cat yearsTests";
			productReference = 28E778B31C23115C00175DE9 /* cat yearsTests.xctest */;
			productType = "com.apple.product-type.bundle.unit-test";
		};
		28E778BD1C23115C00175DE9 /* cat yearsUITests */ = {
			isa = PBXNativeTarget;
			buildConfigurationList = 28E778CD1C23115C00175DE9 /* Build configuration list for PBXNativeTarget "cat yearsUITests" */;
			buildPhases = (
				28E778BA1C23115C00175DE9 /* Sources */,
				28E778BB1C23115C00175DE9 /* Frameworks */,
				28E778BC1C23115C00175DE9 /* Resources */,
			);
			buildRules = (
			);
			dependencies = (
				28E778C01C23115C00175DE9 /* PBXTargetDependency */,
			);
			name = "cat yearsUITests";
			productName = "cat yearsUITests";
			productReference = 28E778BE1C23115C00175DE9 /* cat yearsUITests.xctest */;
			productType = "com.apple.product-type.bundle.ui-testing";
		};
/* End PBXNativeTarget section */

/* Begin PBXProject section */
		28E778971C23115C00175DE9 /* Project object */ = {
			isa = PBXProject;
			attributes = {
				LastSwiftUpdateCheck = 0720;
				LastUpgradeCheck = 0720;
				ORGANIZATIONNAME = "Fresh Digital";
				TargetAttributes = {
					28E7789E1C23115C00175DE9 = {
						CreatedOnToolsVersion = 7.2;
					};
					28E778B21C23115C00175DE9 = {
						CreatedOnToolsVersion = 7.2;
						TestTargetID = 28E7789E1C23115C00175DE9;
					};
					28E778BD1C23115C00175DE9 = {
						CreatedOnToolsVersion = 7.2;
						TestTargetID = 28E7789E1C23115C00175DE9;
					};
				};
			};
			buildConfigurationList = 28E7789A1C23115C00175DE9 /* Build configuration list for PBXProject "cat years" */;
			compatibilityVersion = "Xcode 3.2";
			developmentRegion = English;
			hasScannedForEncodings = 0;
			knownRegions = (
				en,
				Base,
			);
			mainGroup = 28E778961C23115C00175DE9;
			productRefGroup = 28E778A01C23115C00175DE9 /* Products */;
			projectDirPath = "";
			projectRoot = "";
			targets = (
				28E7789E1C23115C00175DE9 /* cat years */,
				28E778B21C23115C00175DE9 /* cat yearsTests */,
				28E778BD1C23115C00175DE9 /* cat yearsUITests */,
			);
		};
/* End PBXProject section */

/* Begin PBXResourcesBuildPhase section */
		28E7789D1C23115C00175DE9 /* Resources */ = {
			isa = PBXResourcesBuildPhase;
			buildActionMask = 2147483647;
			files = (
				28E778AD1C23115C00175DE9 /* LaunchScreen.storyboard in Resources */,
				28E778AA1C23115C00175DE9 /* Assets.xcassets in Resources */,
				28E778A81C23115C00175DE9 /* Main.storyboard in Resources */,
			);
			runOnlyForDeploymentPostprocessing = 0;
		};
		28E778B11C23115C00175DE9 /* Resources */ = {
			isa = PBXResourcesBuildPhase;
			buildActionMask = 2147483647;
			files = (
			);
			runOnlyForDeploymentPostprocessing = 0;
		};
		28E778BC1C23115C00175DE9 /* Resources */ = {
			isa = PBXResourcesBuildPhase;
			buildActionMask = 2147483647;
			files = (
			);
			runOnlyForDeploymentPostprocessing = 0;
		};
/* End PBXResourcesBuildPhase section */

/* Begin PBXSourcesBuildPhase section */
		28E7789B1C23115C00175DE9 /* Sources */ = {
			isa = PBXSourcesBuildPhase;
			buildActionMask = 2147483647;
			files = (
				28E778A51C23115C00175DE9 /* ViewController.swift in Sources */,
				28E778A31C23115C00175DE9 /* AppDelegate.swift in Sources */,
			);
			runOnlyForDeploymentPostprocessing = 0;
		};
		28E778AF1C23115C00175DE9 /* Sources */ = {
			isa = PBXSourcesBuildPhase;
			buildActionMask = 2147483647;
			files = (
				28E778B81C23115C00175DE9 /* cat_yearsTests.swift in Sources */,
			);
			runOnlyForDeploymentPostprocessing = 0;
		};
		28E778BA1C23115C00175DE9 /* Sources */ = {
			isa = PBXSourcesBuildPhase;
			buildActionMask = 2147483647;
			files = (
				28E778C31C23115C00175DE9 /* cat_yearsUITests.swift in Sources */,
			);
			runOnlyForDeploymentPostprocessing = 0;
		};
/* End PBXSourcesBuildPhase section */

/* Begin PBXTargetDependency section */
		28E778B51C23115C00175DE9 /* PBXTargetDependency */ = {
			isa = PBXTargetDependency;
			target = 28E7789E1C23115C00175DE9 /* cat years */;
			targetProxy = 28E778B41C23115C00175DE9 /* PBXContainerItemProxy */;
		};
		28E778C01C23115C00175DE9 /* PBXTargetDependency */ = {
			isa = PBXTargetDependency;
			target = 28E7789E1C23115C00175DE9 /* cat years */;
			targetProxy = 28E778BF1C23115C00175DE9 /* PBXContainerItemProxy */;
		};
/* End PBXTargetDependency section */

/* Begin PBXVariantGroup section */
		28E778A61C23115C00175DE9 /* Main.storyboard */ = {
			isa = PBXVariantGroup;
			children = (
				28E778A71C23115C00175DE9 /* Base */,
			);
			name = Main.storyboard;
			sourceTree = "<group>";
		};
		28E778AB1C23115C00175DE9 /* LaunchScreen.storyboard */ = {
			isa = PBXVariantGroup;
			children = (
				28E778AC1C23115C00175DE9 /* Base */,
			);
			name = LaunchScreen.storyboard;
			sourceTree = "<group>";
		};
/* End PBXVariantGroup section */

/* Begin XCBuildConfiguration section */
		28E778C51C23115C00175DE9 /* Debug */ = {
			isa = XCBuildConfiguration;
			buildSettings = {
				ALWAYS_SEARCH_USER_PATHS = NO;
				CLANG_CXX_LANGUAGE_STANDARD = "gnu++0x";
				CLANG_CXX_LIBRARY = "libc++";
				CLANG_ENABLE_MODULES = YES;
				CLANG_ENABLE_OBJC_ARC = YES;
				CLANG_WARN_BOOL_CONVERSION = YES;
				CLANG_WARN_CONSTANT_CONVERSION = YES;
				CLANG_WARN_DIRECT_OBJC_ISA_USAGE = YES_ERROR;
				CLANG_WARN_EMPTY_BODY = YES;
				CLANG_WARN_ENUM_CONVERSION = YES;
				CLANG_WARN_INT_CONVERSION = YES;
				CLANG_WARN_OBJC_ROOT_CLASS = YES_ERROR;
				CLANG_WARN_UNREACHABLE_CODE = YES;
				CLANG_WARN__DUPLICATE_METHOD_MATCH = YES;
				"CODE_SIGN_IDENTITY[sdk=iphoneos*]" = "iPhone Developer";
				COPY_PHASE_STRIP = NO;
				DEBUG_INFORMATION_FORMAT = dwarf;
				ENABLE_STRICT_OBJC_MSGSEND = YES;
				ENABLE_TESTABILITY = YES;
				GCC_C_LANGUAGE_STANDARD = gnu99;
				GCC_DYNAMIC_NO_PIC = NO;
				GCC_NO_COMMON_BLOCKS = YES;
				GCC_OPTIMIZATION_LEVEL = 0;
				GCC_PREPROCESSOR_DEFINITIONS = (
					"DEBUG=1",
					"$(inherited)",
				);
				GCC_WARN_64_TO_32_BIT_CONVERSION = YES;
				GCC_WARN_ABOUT_RETURN_TYPE = YES_ERROR;
				GCC_WARN_UNDECLARED_SELECTOR = YES;
				GCC_WARN_UNINITIALIZED_AUTOS = YES_AGGRESSIVE;
				GCC_WARN_UNUSED_FUNCTION = YES;
				GCC_WARN_UNUSED_VARIABLE = YES;
				IPHONEOS_DEPLOYMENT_TARGET = 9.2;
				MTL_ENABLE_DEBUG_INFO = YES;
				ONLY_ACTIVE_ARCH = YES;
				SDKROOT = iphoneos;
				SWIFT_OPTIMIZATION_LEVEL = "-Onone";
			};
			name = Debug;
		};
		28E778C61C23115C00175DE9 /* Release */ = {
			isa = XCBuildConfiguration;
			buildSettings = {
				ALWAYS_SEARCH_USER_PATHS = NO;
				CLANG_CXX_LANGUAGE_STANDARD = "gnu++0x";
				CLANG_CXX_LIBRARY = "libc++";
				CLANG_ENABLE_MODULES = YES;
				CLANG_ENABLE_OBJC_ARC = YES;
				CLANG_WARN_BOOL_CONVERSION = YES;
				CLANG_WARN_CONSTANT_CONVERSION = YES;
				CLANG_WARN_DIRECT_OBJC_ISA_USAGE = YES_ERROR;
				CLANG_WARN_EMPTY_BODY = YES;
				CLANG_WARN_ENUM_CONVERSION = YES;
				CLANG_WARN_INT_CONVERSION = YES;
				CLANG_WARN_OBJC_ROOT_CLASS = YES_ERROR;
				CLANG_WARN_UNREACHABLE_CODE = YES;
				CLANG_WARN__DUPLICATE_METHOD_MATCH = YES;
				"CODE_SIGN_IDENTITY[sdk=iphoneos*]" = "iPhone Developer";
				COPY_PHASE_STRIP = NO;
				DEBUG_INFORMATION_FORMAT = "dwarf-with-dsym";
				ENABLE_NS_ASSERTIONS = NO;
				ENABLE_STRICT_OBJC_MSGSEND = YES;
				GCC_C_LANGUAGE_STANDARD = gnu99;
				GCC_NO_COMMON_BLOCKS = YES;
				GCC_WARN_64_TO_32_BIT_CONVERSION = YES;
				GCC_WARN_ABOUT_RETURN_TYPE = YES_ERROR;
				GCC_WARN_UNDECLARED_SELECTOR = YES;
				GCC_WARN_UNINITIALIZED_AUTOS = YES_AGGRESSIVE;
				GCC_WARN_UNUSED_FUNCTION = YES;
				GCC_WARN_UNUSED_VARIABLE = YES;
				IPHONEOS_DEPLOYMENT_TARGET = 9.2;
				MTL_ENABLE_DEBUG_INFO = NO;
				SDKROOT = iphoneos;
				VALIDATE_PRODUCT = YES;
			};
			name = Release;
		};
		28E778C81C23115C00175DE9 /* Debug */ = {
			isa = XCBuildConfiguration;
			buildSettings = {
				ASSETCATALOG_COMPILER_APPICON_NAME = AppIcon;
				INFOPLIST_FILE = "cat years/Info.plist";
				LD_RUNPATH_SEARCH_PATHS = "$(inherited) @executable_path/Frameworks";
				PRODUCT_BUNDLE_IDENTIFIER = "com.Paresh.cat-years";
				PRODUCT_NAME = "$(TARGET_NAME)";
			};
			name = Debug;
		};
		28E778C91C23115C00175DE9 /* Release */ = {
			isa = XCBuildConfiguration;
			buildSettings = {
				ASSETCATALOG_COMPILER_APPICON_NAME = AppIcon;
				INFOPLIST_FILE = "cat years/Info.plist";
				LD_RUNPATH_SEARCH_PATHS = "$(inherited) @executable_path/Frameworks";
				PRODUCT_BUNDLE_IDENTIFIER = "com.Paresh.cat-years";
				PRODUCT_NAME = "$(TARGET_NAME)";
			};
			name = Release;
		};
		28E778CB1C23115C00175DE9 /* Debug */ = {
			isa = XCBuildConfiguration;
			buildSettings = {
				BUNDLE_LOADER = "$(TEST_HOST)";
				INFOPLIST_FILE = "cat yearsTests/Info.plist";
				LD_RUNPATH_SEARCH_PATHS = "$(inherited) @executable_path/Frameworks @loader_path/Frameworks";
				PRODUCT_BUNDLE_IDENTIFIER = "com.Paresh.cat-yearsTests";
				PRODUCT_NAME = "$(TARGET_NAME)";
				TEST_HOST = "$(BUILT_PRODUCTS_DIR)/cat years.app/cat years";
			};
			name = Debug;
		};
		28E778CC1C23115C00175DE9 /* Release */ = {
			isa = XCBuildConfiguration;
			buildSettings = {
				BUNDLE_LOADER = "$(TEST_HOST)";
				INFOPLIST_FILE = "cat yearsTests/Info.plist";
				LD_RUNPATH_SEARCH_PATHS = "$(inherited) @executable_path/Frameworks @loader_path/Frameworks";
				PRODUCT_BUNDLE_IDENTIFIER = "com.Paresh.cat-yearsTests";
				PRODUCT_NAME = "$(TARGET_NAME)";
				TEST_HOST = "$(BUILT_PRODUCTS_DIR)/cat years.app/cat years";
			};
			name = Release;
		};
		28E778CE1C23115C00175DE9 /* Debug */ = {
			isa = XCBuildConfiguration;
			buildSettings = {
				INFOPLIST_FILE = "cat yearsUITests/Info.plist";
				LD_RUNPATH_SEARCH_PATHS = "$(inherited) @executable_path/Frameworks @loader_path/Frameworks";
				PRODUCT_BUNDLE_IDENTIFIER = "com.Paresh.cat-yearsUITests";
				PRODUCT_NAME = "$(TARGET_NAME)";
				TEST_TARGET_NAME = "cat years";
				USES_XCTRUNNER = YES;
			};
			name = Debug;
		};
		28E778CF1C23115C00175DE9 /* Release */ = {
			isa = XCBuildConfiguration;
			buildSettings = {
				INFOPLIST_FILE = "cat yearsUITests/Info.plist";
				LD_RUNPATH_SEARCH_PATHS = "$(inherited) @executable_path/Frameworks @loader_path/Frameworks";
				PRODUCT_BUNDLE_IDENTIFIER = "com.Paresh.cat-yearsUITests";
				PRODUCT_NAME = "$(TARGET_NAME)";
				TEST_TARGET_NAME = "cat years";
				USES_XCTRUNNER = YES;
			};
			name = Release;
		};
/* End XCBuildConfiguration section */

/* Begin XCConfigurationList section */
		28E7789A1C23115C00175DE9 /* Build configuration list for PBXProject "cat years" */ = {
			isa = XCConfigurationList;
			buildConfigurations = (
				28E778C51C23115C00175DE9 /* Debug */,
				28E778C61C23115C00175DE9 /* Release */,
			);
			defaultConfigurationIsVisible = 0;
			defaultConfigurationName = Release;
		};
		28E778C71C23115C00175DE9 /* Build configuration list for PBXNativeTarget "cat years" */ = {
			isa = XCConfigurationList;
			buildConfigurations = (
				28E778C81C23115C00175DE9 /* Debug */,
				28E778C91C23115C00175DE9 /* Release */,
			);
			defaultConfigurationIsVisible = 0;
		};
		28E778CA1C23115C00175DE9 /* Build configuration list for PBXNativeTarget "cat yearsTests" */ = {
			isa = XCConfigurationList;
			buildConfigurations = (
				28E778CB1C23115C00175DE9 /* Debug */,
				28E778CC1C23115C00175DE9 /* Release */,
			);
			defaultConfigurationIsVisible = 0;
		};
		28E778CD1C23115C00175DE9 /* Build configuration list for PBXNativeTarget "cat yearsUITests" */ = {
			isa = XCConfigurationList;
			buildConfigurations = (
				28E778CE1C23115C00175DE9 /* Debug */,
				28E778CF1C23115C00175DE9 /* Release */,
			);
			defaultConfigurationIsVisible = 0;
		};
/* End XCConfigurationList section */
	};
	rootObject = 28E778971C23115C00175DE9 /* Project object */;
}
