// !$*UTF8*$!
{
	archiveVersion = 1;
	classes = {
	};
	objectVersion = 46;
	objects = {

/* Begin PBXBuildFile section */
		28E778691C220ADB00175DE9 /* AppDelegate.swift in Sources */ = {isa = PBXBuildFile; fileRef = 28E778681C220ADB00175DE9 /* AppDelegate.swift */; };
		28E7786B1C220ADB00175DE9 /* ViewController.swift in Sources */ = {isa = PBXBuildFile; fileRef = 28E7786A1C220ADB00175DE9 /* ViewController.swift */; };
		28E7786E1C220ADB00175DE9 /* Main.storyboard in Resources */ = {isa = PBXBuildFile; fileRef = 28E7786C1C220ADB00175DE9 /* Main.storyboard */; };
		28E778701C220ADB00175DE9 /* Assets.xcassets in Resources */ = {isa = PBXBuildFile; fileRef = 28E7786F1C220ADB00175DE9 /* Assets.xcassets */; };
		28E778731C220ADB00175DE9 /* LaunchScreen.storyboard in Resources */ = {isa = PBXBuildFile; fileRef = 28E778711C220ADB00175DE9 /* LaunchScreen.storyboard */; };
		28E7787E1C220ADB00175DE9 /* firstmobileprojectTests.swift in Sources */ = {isa = PBXBuildFile; fileRef = 28E7787D1C220ADB00175DE9 /* firstmobileprojectTests.swift */; };
		28E778891C220ADB00175DE9 /* firstmobileprojectUITests.swift in Sources */ = {isa = PBXBuildFile; fileRef = 28E778881C220ADB00175DE9 /* firstmobileprojectUITests.swift */; };
/* End PBXBuildFile section */

/* Begin PBXContainerItemProxy section */
		28E7787A1C220ADB00175DE9 /* PBXContainerItemProxy */ = {
			isa = PBXContainerItemProxy;
			containerPortal = 28E7785D1C220ADB00175DE9 /* Project object */;
			proxyType = 1;
			remoteGlobalIDString = 28E778641C220ADB00175DE9;
			remoteInfo = firstmobileproject;
		};
		28E778851C220ADB00175DE9 /* PBXContainerItemProxy */ = {
			isa = PBXContainerItemProxy;
			containerPortal = 28E7785D1C220ADB00175DE9 /* Project object */;
			proxyType = 1;
			remoteGlobalIDString = 28E778641C220ADB00175DE9;
			remoteInfo = firstmobileproject;
		};
/* End PBXContainerItemProxy section */

/* Begin PBXFileReference section */
		28E778651C220ADB00175DE9 /* firstmobileproject.app */ = {isa = PBXFileReference; explicitFileType = wrapper.application; includeInIndex = 0; path = firstmobileproject.app; sourceTree = BUILT_PRODUCTS_DIR; };
		28E778681C220ADB00175DE9 /* AppDelegate.swift */ = {isa = PBXFileReference; lastKnownFileType = sourcecode.swift; path = AppDelegate.swift; sourceTree = "<group>"; };
		28E7786A1C220ADB00175DE9 /* ViewController.swift */ = {isa = PBXFileReference; lastKnownFileType = sourcecode.swift; path = ViewController.swift; sourceTree = "<group>"; };
		28E7786D1C220ADB00175DE9 /* Base */ = {isa = PBXFileReference; lastKnownFileType = file.storyboard; name = Base; path = Base.lproj/Main.storyboard; sourceTree = "<group>"; };
		28E7786F1C220ADB00175DE9 /* Assets.xcassets */ = {isa = PBXFileReference; lastKnownFileType = folder.assetcatalog; path = Assets.xcassets; sourceTree = "<group>"; };
		28E778721C220ADB00175DE9 /* Base */ = {isa = PBXFileReference; lastKnownFileType = file.storyboard; name = Base; path = Base.lproj/LaunchScreen.storyboard; sourceTree = "<group>"; };
		28E778741C220ADB00175DE9 /* Info.plist */ = {isa = PBXFileReference; lastKnownFileType = text.plist.xml; path = Info.plist; sourceTree = "<group>"; };
		28E778791C220ADB00175DE9 /* firstmobileprojectTests.xctest */ = {isa = PBXFileReference; explicitFileType = wrapper.cfbundle; includeInIndex = 0; path = firstmobileprojectTests.xctest; sourceTree = BUILT_PRODUCTS_DIR; };
		28E7787D1C220ADB00175DE9 /* firstmobileprojectTests.swift */ = {isa = PBXFileReference; lastKnownFileType = sourcecode.swift; path = firstmobileprojectTests.swift; sourceTree = "<group>"; };
		28E7787F1C220ADB00175DE9 /* Info.plist */ = {isa = PBXFileReference; lastKnownFileType = text.plist.xml; path = Info.plist; sourceTree = "<group>"; };
		28E778841C220ADB00175DE9 /* firstmobileprojectUITests.xctest */ = {isa = PBXFileReference; explicitFileType = wrapper.cfbundle; includeInIndex = 0; path = firstmobileprojectUITests.xctest; sourceTree = BUILT_PRODUCTS_DIR; };
		28E778881C220ADB00175DE9 /* firstmobileprojectUITests.swift */ = {isa = PBXFileReference; lastKnownFileType = sourcecode.swift; path = firstmobileprojectUITests.swift; sourceTree = "<group>"; };
		28E7788A1C220ADB00175DE9 /* Info.plist */ = {isa = PBXFileReference; lastKnownFileType = text.plist.xml; path = Info.plist; sourceTree = "<group>"; };
/* End PBXFileReference section */

/* Begin PBXFrameworksBuildPhase section */
		28E778621C220ADB00175DE9 /* Frameworks */ = {
			isa = PBXFrameworksBuildPhase;
			buildActionMask = 2147483647;
			files = (
			);
			runOnlyForDeploymentPostprocessing = 0;
		};
		28E778761C220ADB00175DE9 /* Frameworks */ = {
			isa = PBXFrameworksBuildPhase;
			buildActionMask = 2147483647;
			files = (
			);
			runOnlyForDeploymentPostprocessing = 0;
		};
		28E778811C220ADB00175DE9 /* Frameworks */ = {
			isa = PBXFrameworksBuildPhase;
			buildActionMask = 2147483647;
			files = (
			);
			runOnlyForDeploymentPostprocessing = 0;
		};
/* End PBXFrameworksBuildPhase section */

/* Begin PBXGroup section */
		28E7785C1C220ADB00175DE9 = {
			isa = PBXGroup;
			children = (
				28E778671C220ADB00175DE9 /* firstmobileproject */,
				28E7787C1C220ADB00175DE9 /* firstmobileprojectTests */,
				28E778871C220ADB00175DE9 /* firstmobileprojectUITests */,
				28E778661C220ADB00175DE9 /* Products */,
			);
			sourceTree = "<group>";
		};
		28E778661C220ADB00175DE9 /* Products */ = {
			isa = PBXGroup;
			children = (
				28E778651C220ADB00175DE9 /* firstmobileproject.app */,
				28E778791C220ADB00175DE9 /* firstmobileprojectTests.xctest */,
				28E778841C220ADB00175DE9 /* firstmobileprojectUITests.xctest */,
			);
			name = Products;
			sourceTree = "<group>";
		};
		28E778671C220ADB00175DE9 /* firstmobileproject */ = {
			isa = PBXGroup;
			children = (
				28E778681C220ADB00175DE9 /* AppDelegate.swift */,
				28E7786A1C220ADB00175DE9 /* ViewController.swift */,
				28E7786C1C220ADB00175DE9 /* Main.storyboard */,
				28E7786F1C220ADB00175DE9 /* Assets.xcassets */,
				28E778711C220ADB00175DE9 /* LaunchScreen.storyboard */,
				28E778741C220ADB00175DE9 /* Info.plist */,
			);
			path = firstmobileproject;
			sourceTree = "<group>";
		};
		28E7787C1C220ADB00175DE9 /* firstmobileprojectTests */ = {
			isa = PBXGroup;
			children = (
				28E7787D1C220ADB00175DE9 /* firstmobileprojectTests.swift */,
				28E7787F1C220ADB00175DE9 /* Info.plist */,
			);
			path = firstmobileprojectTests;
			sourceTree = "<group>";
		};
		28E778871C220ADB00175DE9 /* firstmobileprojectUITests */ = {
			isa = PBXGroup;
			children = (
				28E778881C220ADB00175DE9 /* firstmobileprojectUITests.swift */,
				28E7788A1C220ADB00175DE9 /* Info.plist */,
			);
			path = firstmobileprojectUITests;
			sourceTree = "<group>";
		};
/* End PBXGroup section */

/* Begin PBXNativeTarget section */
		28E778641C220ADB00175DE9 /* firstmobileproject */ = {
			isa = PBXNativeTarget;
			buildConfigurationList = 28E7788D1C220ADB00175DE9 /* Build configuration list for PBXNativeTarget "firstmobileproject" */;
			buildPhases = (
				28E778611C220ADB00175DE9 /* Sources */,
				28E778621C220ADB00175DE9 /* Frameworks */,
				28E778631C220ADB00175DE9 /* Resources */,
			);
			buildRules = (
			);
			dependencies = (
			);
			name = firstmobileproject;
			productName = firstmobileproject;
			productReference = 28E778651C220ADB00175DE9 /* firstmobileproject.app */;
			productType = "com.apple.product-type.application";
		};
		28E778781C220ADB00175DE9 /* firstmobileprojectTests */ = {
			isa = PBXNativeTarget;
			buildConfigurationList = 28E778901C220ADB00175DE9 /* Build configuration list for PBXNativeTarget "firstmobileprojectTests" */;
			buildPhases = (
				28E778751C220ADB00175DE9 /* Sources */,
				28E778761C220ADB00175DE9 /* Frameworks */,
				28E778771C220ADB00175DE9 /* Resources */,
			);
			buildRules = (
			);
			dependencies = (
				28E7787B1C220ADB00175DE9 /* PBXTargetDependency */,
			);
			name = firstmobileprojectTests;
			productName = firstmobileprojectTests;
			productReference = 28E778791C220ADB00175DE9 /* firstmobileprojectTests.xctest */;
			productType = "com.apple.product-type.bundle.unit-test";
		};
		28E778831C220ADB00175DE9 /* firstmobileprojectUITests */ = {
			isa = PBXNativeTarget;
			buildConfigurationList = 28E778931C220ADB00175DE9 /* Build configuration list for PBXNativeTarget "firstmobileprojectUITests" */;
			buildPhases = (
				28E778801C220ADB00175DE9 /* Sources */,
				28E778811C220ADB00175DE9 /* Frameworks */,
				28E778821C220ADB00175DE9 /* Resources */,
			);
			buildRules = (
			);
			dependencies = (
				28E778861C220ADB00175DE9 /* PBXTargetDependency */,
			);
			name = firstmobileprojectUITests;
			productName = firstmobileprojectUITests;
			productReference = 28E778841C220ADB00175DE9 /* firstmobileprojectUITests.xctest */;
			productType = "com.apple.product-type.bundle.ui-testing";
		};
/* End PBXNativeTarget section */

/* Begin PBXProject section */
		28E7785D1C220ADB00175DE9 /* Project object */ = {
			isa = PBXProject;
			attributes = {
				LastSwiftUpdateCheck = 0720;
				LastUpgradeCheck = 0720;
				ORGANIZATIONNAME = "Fresh Digital";
				TargetAttributes = {
					28E778641C220ADB00175DE9 = {
						CreatedOnToolsVersion = 7.2;
					};
					28E778781C220ADB00175DE9 = {
						CreatedOnToolsVersion = 7.2;
						TestTargetID = 28E778641C220ADB00175DE9;
					};
					28E778831C220ADB00175DE9 = {
						CreatedOnToolsVersion = 7.2;
						TestTargetID = 28E778641C220ADB00175DE9;
					};
				};
			};
			buildConfigurationList = 28E778601C220ADB00175DE9 /* Build configuration list for PBXProject "firstmobileproject" */;
			compatibilityVersion = "Xcode 3.2";
			developmentRegion = English;
			hasScannedForEncodings = 0;
			knownRegions = (
				en,
				Base,
			);
			mainGroup = 28E7785C1C220ADB00175DE9;
			productRefGroup = 28E778661C220ADB00175DE9 /* Products */;
			projectDirPath = "";
			projectRoot = "";
			targets = (
				28E778641C220ADB00175DE9 /* firstmobileproject */,
				28E778781C220ADB00175DE9 /* firstmobileprojectTests */,
				28E778831C220ADB00175DE9 /* firstmobileprojectUITests */,
			);
		};
/* End PBXProject section */

/* Begin PBXResourcesBuildPhase section */
		28E778631C220ADB00175DE9 /* Resources */ = {
			isa = PBXResourcesBuildPhase;
			buildActionMask = 2147483647;
			files = (
				28E778731C220ADB00175DE9 /* LaunchScreen.storyboard in Resources */,
				28E778701C220ADB00175DE9 /* Assets.xcassets in Resources */,
				28E7786E1C220ADB00175DE9 /* Main.storyboard in Resources */,
			);
			runOnlyForDeploymentPostprocessing = 0;
		};
		28E778771C220ADB00175DE9 /* Resources */ = {
			isa = PBXResourcesBuildPhase;
			buildActionMask = 2147483647;
			files = (
			);
			runOnlyForDeploymentPostprocessing = 0;
		};
		28E778821C220ADB00175DE9 /* Resources */ = {
			isa = PBXResourcesBuildPhase;
			buildActionMask = 2147483647;
			files = (
			);
			runOnlyForDeploymentPostprocessing = 0;
		};
/* End PBXResourcesBuildPhase section */

/* Begin PBXSourcesBuildPhase section */
		28E778611C220ADB00175DE9 /* Sources */ = {
			isa = PBXSourcesBuildPhase;
			buildActionMask = 2147483647;
			files = (
				28E7786B1C220ADB00175DE9 /* ViewController.swift in Sources */,
				28E778691C220ADB00175DE9 /* AppDelegate.swift in Sources */,
			);
			runOnlyForDeploymentPostprocessing = 0;
		};
		28E778751C220ADB00175DE9 /* Sources */ = {
			isa = PBXSourcesBuildPhase;
			buildActionMask = 2147483647;
			files = (
				28E7787E1C220ADB00175DE9 /* firstmobileprojectTests.swift in Sources */,
			);
			runOnlyForDeploymentPostprocessing = 0;
		};
		28E778801C220ADB00175DE9 /* Sources */ = {
			isa = PBXSourcesBuildPhase;
			buildActionMask = 2147483647;
			files = (
				28E778891C220ADB00175DE9 /* firstmobileprojectUITests.swift in Sources */,
			);
			runOnlyForDeploymentPostprocessing = 0;
		};
/* End PBXSourcesBuildPhase section */

/* Begin PBXTargetDependency section */
		28E7787B1C220ADB00175DE9 /* PBXTargetDependency */ = {
			isa = PBXTargetDependency;
			target = 28E778641C220ADB00175DE9 /* firstmobileproject */;
			targetProxy = 28E7787A1C220ADB00175DE9 /* PBXContainerItemProxy */;
		};
		28E778861C220ADB00175DE9 /* PBXTargetDependency */ = {
			isa = PBXTargetDependency;
			target = 28E778641C220ADB00175DE9 /* firstmobileproject */;
			targetProxy = 28E778851C220ADB00175DE9 /* PBXContainerItemProxy */;
		};
/* End PBXTargetDependency section */

/* Begin PBXVariantGroup section */
		28E7786C1C220ADB00175DE9 /* Main.storyboard */ = {
			isa = PBXVariantGroup;
			children = (
				28E7786D1C220ADB00175DE9 /* Base */,
			);
			name = Main.storyboard;
			sourceTree = "<group>";
		};
		28E778711C220ADB00175DE9 /* LaunchScreen.storyboard */ = {
			isa = PBXVariantGroup;
			children = (
				28E778721C220ADB00175DE9 /* Base */,
			);
			name = LaunchScreen.storyboard;
			sourceTree = "<group>";
		};
/* End PBXVariantGroup section */

/* Begin XCBuildConfiguration section */
		28E7788B1C220ADB00175DE9 /* Debug */ = {
			isa = XCBuildConfiguration;
			buildSettings = {
				ALWAYS_SEARCH_USER_PATHS = NO;
				CLANG_CXX_LANGUAGE_STANDARD = "gnu++0x";
				CLANG_CXX_LIBRARY = "libc++";
				CLANG_ENABLE_MODULES = YES;
				CLANG_ENABLE_OBJC_ARC = YES;
				CLANG_WARN_BOOL_CONVERSION = YES;
				CLANG_WARN_CONSTANT_CONVERSION = YES;
				CLANG_WARN_DIRECT_OBJC_ISA_USAGE = YES_ERROR;
				CLANG_WARN_EMPTY_BODY = YES;
				CLANG_WARN_ENUM_CONVERSION = YES;
				CLANG_WARN_INT_CONVERSION = YES;
				CLANG_WARN_OBJC_ROOT_CLASS = YES_ERROR;
				CLANG_WARN_UNREACHABLE_CODE = YES;
				CLANG_WARN__DUPLICATE_METHOD_MATCH = YES;
				"CODE_SIGN_IDENTITY[sdk=iphoneos*]" = "iPhone Developer";
				COPY_PHASE_STRIP = NO;
				DEBUG_INFORMATION_FORMAT = dwarf;
				ENABLE_STRICT_OBJC_MSGSEND = YES;
				ENABLE_TESTABILITY = YES;
				GCC_C_LANGUAGE_STANDARD = gnu99;
				GCC_DYNAMIC_NO_PIC = NO;
				GCC_NO_COMMON_BLOCKS = YES;
				GCC_OPTIMIZATION_LEVEL = 0;
				GCC_PREPROCESSOR_DEFINITIONS = (
					"DEBUG=1",
					"$(inherited)",
				);
				GCC_WARN_64_TO_32_BIT_CONVERSION = YES;
				GCC_WARN_ABOUT_RETURN_TYPE = YES_ERROR;
				GCC_WARN_UNDECLARED_SELECTOR = YES;
				GCC_WARN_UNINITIALIZED_AUTOS = YES_AGGRESSIVE;
				GCC_WARN_UNUSED_FUNCTION = YES;
				GCC_WARN_UNUSED_VARIABLE = YES;
				IPHONEOS_DEPLOYMENT_TARGET = 9.2;
				MTL_ENABLE_DEBUG_INFO = YES;
				ONLY_ACTIVE_ARCH = YES;
				SDKROOT = iphoneos;
				SWIFT_OPTIMIZATION_LEVEL = "-Onone";
			};
			name = Debug;
		};
		28E7788C1C220ADB00175DE9 /* Release */ = {
			isa = XCBuildConfiguration;
			buildSettings = {
				ALWAYS_SEARCH_USER_PATHS = NO;
				CLANG_CXX_LANGUAGE_STANDARD = "gnu++0x";
				CLANG_CXX_LIBRARY = "libc++";
				CLANG_ENABLE_MODULES = YES;
				CLANG_ENABLE_OBJC_ARC = YES;
				CLANG_WARN_BOOL_CONVERSION = YES;
				CLANG_WARN_CONSTANT_CONVERSION = YES;
				CLANG_WARN_DIRECT_OBJC_ISA_USAGE = YES_ERROR;
				CLANG_WARN_EMPTY_BODY = YES;
				CLANG_WARN_ENUM_CONVERSION = YES;
				CLANG_WARN_INT_CONVERSION = YES;
				CLANG_WARN_OBJC_ROOT_CLASS = YES_ERROR;
				CLANG_WARN_UNREACHABLE_CODE = YES;
				CLANG_WARN__DUPLICATE_METHOD_MATCH = YES;
				"CODE_SIGN_IDENTITY[sdk=iphoneos*]" = "iPhone Developer";
				COPY_PHASE_STRIP = NO;
				DEBUG_INFORMATION_FORMAT = "dwarf-with-dsym";
				ENABLE_NS_ASSERTIONS = NO;
				ENABLE_STRICT_OBJC_MSGSEND = YES;
				GCC_C_LANGUAGE_STANDARD = gnu99;
				GCC_NO_COMMON_BLOCKS = YES;
				GCC_WARN_64_TO_32_BIT_CONVERSION = YES;
				GCC_WARN_ABOUT_RETURN_TYPE = YES_ERROR;
				GCC_WARN_UNDECLARED_SELECTOR = YES;
				GCC_WARN_UNINITIALIZED_AUTOS = YES_AGGRESSIVE;
				GCC_WARN_UNUSED_FUNCTION = YES;
				GCC_WARN_UNUSED_VARIABLE = YES;
				IPHONEOS_DEPLOYMENT_TARGET = 9.2;
				MTL_ENABLE_DEBUG_INFO = NO;
				SDKROOT = iphoneos;
				VALIDATE_PRODUCT = YES;
			};
			name = Release;
		};
		28E7788E1C220ADB00175DE9 /* Debug */ = {
			isa = XCBuildConfiguration;
			buildSettings = {
				ASSETCATALOG_COMPILER_APPICON_NAME = AppIcon;
				INFOPLIST_FILE = firstmobileproject/Info.plist;
				LD_RUNPATH_SEARCH_PATHS = "$(inherited) @executable_path/Frameworks";
				PRODUCT_BUNDLE_IDENTIFIER = com.Paresh.firstmobileproject;
				PRODUCT_NAME = "$(TARGET_NAME)";
			};
			name = Debug;
		};
		28E7788F1C220ADB00175DE9 /* Release */ = {
			isa = XCBuildConfiguration;
			buildSettings = {
				ASSETCATALOG_COMPILER_APPICON_NAME = AppIcon;
				INFOPLIST_FILE = firstmobileproject/Info.plist;
				LD_RUNPATH_SEARCH_PATHS = "$(inherited) @executable_path/Frameworks";
				PRODUCT_BUNDLE_IDENTIFIER = com.Paresh.firstmobileproject;
				PRODUCT_NAME = "$(TARGET_NAME)";
			};
			name = Release;
		};
		28E778911C220ADB00175DE9 /* Debug */ = {
			isa = XCBuildConfiguration;
			buildSettings = {
				BUNDLE_LOADER = "$(TEST_HOST)";
				INFOPLIST_FILE = firstmobileprojectTests/Info.plist;
				LD_RUNPATH_SEARCH_PATHS = "$(inherited) @executable_path/Frameworks @loader_path/Frameworks";
				PRODUCT_BUNDLE_IDENTIFIER = com.Paresh.firstmobileprojectTests;
				PRODUCT_NAME = "$(TARGET_NAME)";
				TEST_HOST = "$(BUILT_PRODUCTS_DIR)/firstmobileproject.app/firstmobileproject";
			};
			name = Debug;
		};
		28E778921C220ADB00175DE9 /* Release */ = {
			isa = XCBuildConfiguration;
			buildSettings = {
				BUNDLE_LOADER = "$(TEST_HOST)";
				INFOPLIST_FILE = firstmobileprojectTests/Info.plist;
				LD_RUNPATH_SEARCH_PATHS = "$(inherited) @executable_path/Frameworks @loader_path/Frameworks";
				PRODUCT_BUNDLE_IDENTIFIER = com.Paresh.firstmobileprojectTests;
				PRODUCT_NAME = "$(TARGET_NAME)";
				TEST_HOST = "$(BUILT_PRODUCTS_DIR)/firstmobileproject.app/firstmobileproject";
			};
			name = Release;
		};
		28E778941C220ADB00175DE9 /* Debug */ = {
			isa = XCBuildConfiguration;
			buildSettings = {
				INFOPLIST_FILE = firstmobileprojectUITests/Info.plist;
				LD_RUNPATH_SEARCH_PATHS = "$(inherited) @executable_path/Frameworks @loader_path/Frameworks";
				PRODUCT_BUNDLE_IDENTIFIER = com.Paresh.firstmobileprojectUITests;
				PRODUCT_NAME = "$(TARGET_NAME)";
				TEST_TARGET_NAME = firstmobileproject;
				USES_XCTRUNNER = YES;
			};
			name = Debug;
		};
		28E778951C220ADB00175DE9 /* Release */ = {
			isa = XCBuildConfiguration;
			buildSettings = {
				INFOPLIST_FILE = firstmobileprojectUITests/Info.plist;
				LD_RUNPATH_SEARCH_PATHS = "$(inherited) @executable_path/Frameworks @loader_path/Frameworks";
				PRODUCT_BUNDLE_IDENTIFIER = com.Paresh.firstmobileprojectUITests;
				PRODUCT_NAME = "$(TARGET_NAME)";
				TEST_TARGET_NAME = firstmobileproject;
				USES_XCTRUNNER = YES;
			};
			name = Release;
		};
/* End XCBuildConfiguration section */

/* Begin XCConfigurationList section */
		28E778601C220ADB00175DE9 /* Build configuration list for PBXProject "firstmobileproject" */ = {
			isa = XCConfigurationList;
			buildConfigurations = (
				28E7788B1C220ADB00175DE9 /* Debug */,
				28E7788C1C220ADB00175DE9 /* Release */,
			);
			defaultConfigurationIsVisible = 0;
			defaultConfigurationName = Release;
		};
		28E7788D1C220ADB00175DE9 /* Build configuration list for PBXNativeTarget "firstmobileproject" */ = {
			isa = XCConfigurationList;
			buildConfigurations = (
				28E7788E1C220ADB00175DE9 /* Debug */,
				28E7788F1C220ADB00175DE9 /* Release */,
			);
			defaultConfigurationIsVisible = 0;
		};
		28E778901C220ADB00175DE9 /* Build configuration list for PBXNativeTarget "firstmobileprojectTests" */ = {
			isa = XCConfigurationList;
			buildConfigurations = (
				28E778911C220ADB00175DE9 /* Debug */,
				28E778921C220ADB00175DE9 /* Release */,
			);
			defaultConfigurationIsVisible = 0;
		};
		28E778931C220ADB00175DE9 /* Build configuration list for PBXNativeTarget "firstmobileprojectUITests" */ = {
			isa = XCConfigurationList;
			buildConfigurations = (
				28E778941C220ADB00175DE9 /* Debug */,
				28E778951C220ADB00175DE9 /* Release */,
			);
			defaultConfigurationIsVisible = 0;
		};
/* End XCConfigurationList section */
	};
	rootObject = 28E7785D1C220ADB00175DE9 /* Project object */;
}
