// !$*UTF8*$!
{
	archiveVersion = 1;
	classes = {
	};
	objectVersion = 46;
	objects = {

/* Begin PBXBuildFile section */
		28FFEE371C32F3120068BB39 /* AppDelegate.swift in Sources */ = {isa = PBXBuildFile; fileRef = 28FFEE361C32F3120068BB39 /* AppDelegate.swift */; };
		28FFEE391C32F3120068BB39 /* ViewController.swift in Sources */ = {isa = PBXBuildFile; fileRef = 28FFEE381C32F3120068BB39 /* ViewController.swift */; };
		28FFEE3C1C32F3120068BB39 /* Main.storyboard in Resources */ = {isa = PBXBuildFile; fileRef = 28FFEE3A1C32F3120068BB39 /* Main.storyboard */; };
		28FFEE3E1C32F3120068BB39 /* Assets.xcassets in Resources */ = {isa = PBXBuildFile; fileRef = 28FFEE3D1C32F3120068BB39 /* Assets.xcassets */; };
		28FFEE411C32F3120068BB39 /* LaunchScreen.storyboard in Resources */ = {isa = PBXBuildFile; fileRef = 28FFEE3F1C32F3120068BB39 /* LaunchScreen.storyboard */; };
		28FFEE4C1C32F3120068BB39 /* justLabelTests.swift in Sources */ = {isa = PBXBuildFile; fileRef = 28FFEE4B1C32F3120068BB39 /* justLabelTests.swift */; };
		28FFEE571C32F3120068BB39 /* justLabelUITests.swift in Sources */ = {isa = PBXBuildFile; fileRef = 28FFEE561C32F3120068BB39 /* justLabelUITests.swift */; };
/* End PBXBuildFile section */

/* Begin PBXContainerItemProxy section */
		28FFEE481C32F3120068BB39 /* PBXContainerItemProxy */ = {
			isa = PBXContainerItemProxy;
			containerPortal = 28FFEE2B1C32F3120068BB39 /* Project object */;
			proxyType = 1;
			remoteGlobalIDString = 28FFEE321C32F3120068BB39;
			remoteInfo = justLabel;
		};
		28FFEE531C32F3120068BB39 /* PBXContainerItemProxy */ = {
			isa = PBXContainerItemProxy;
			containerPortal = 28FFEE2B1C32F3120068BB39 /* Project object */;
			proxyType = 1;
			remoteGlobalIDString = 28FFEE321C32F3120068BB39;
			remoteInfo = justLabel;
		};
/* End PBXContainerItemProxy section */

/* Begin PBXFileReference section */
		28FFEE331C32F3120068BB39 /* justLabel.app */ = {isa = PBXFileReference; explicitFileType = wrapper.application; includeInIndex = 0; path = justLabel.app; sourceTree = BUILT_PRODUCTS_DIR; };
		28FFEE361C32F3120068BB39 /* AppDelegate.swift */ = {isa = PBXFileReference; lastKnownFileType = sourcecode.swift; path = AppDelegate.swift; sourceTree = "<group>"; };
		28FFEE381C32F3120068BB39 /* ViewController.swift */ = {isa = PBXFileReference; lastKnownFileType = sourcecode.swift; path = ViewController.swift; sourceTree = "<group>"; };
		28FFEE3B1C32F3120068BB39 /* Base */ = {isa = PBXFileReference; lastKnownFileType = file.storyboard; name = Base; path = Base.lproj/Main.storyboard; sourceTree = "<group>"; };
		28FFEE3D1C32F3120068BB39 /* Assets.xcassets */ = {isa = PBXFileReference; lastKnownFileType = folder.assetcatalog; path = Assets.xcassets; sourceTree = "<group>"; };
		28FFEE401C32F3120068BB39 /* Base */ = {isa = PBXFileReference; lastKnownFileType = file.storyboard; name = Base; path = Base.lproj/LaunchScreen.storyboard; sourceTree = "<group>"; };
		28FFEE421C32F3120068BB39 /* Info.plist */ = {isa = PBXFileReference; lastKnownFileType = text.plist.xml; path = Info.plist; sourceTree = "<group>"; };
		28FFEE471C32F3120068BB39 /* justLabelTests.xctest */ = {isa = PBXFileReference; explicitFileType = wrapper.cfbundle; includeInIndex = 0; path = justLabelTests.xctest; sourceTree = BUILT_PRODUCTS_DIR; };
		28FFEE4B1C32F3120068BB39 /* justLabelTests.swift */ = {isa = PBXFileReference; lastKnownFileType = sourcecode.swift; path = justLabelTests.swift; sourceTree = "<group>"; };
		28FFEE4D1C32F3120068BB39 /* Info.plist */ = {isa = PBXFileReference; lastKnownFileType = text.plist.xml; path = Info.plist; sourceTree = "<group>"; };
		28FFEE521C32F3120068BB39 /* justLabelUITests.xctest */ = {isa = PBXFileReference; explicitFileType = wrapper.cfbundle; includeInIndex = 0; path = justLabelUITests.xctest; sourceTree = BUILT_PRODUCTS_DIR; };
		28FFEE561C32F3120068BB39 /* justLabelUITests.swift */ = {isa = PBXFileReference; lastKnownFileType = sourcecode.swift; path = justLabelUITests.swift; sourceTree = "<group>"; };
		28FFEE581C32F3120068BB39 /* Info.plist */ = {isa = PBXFileReference; lastKnownFileType = text.plist.xml; path = Info.plist; sourceTree = "<group>"; };
/* End PBXFileReference section */

/* Begin PBXFrameworksBuildPhase section */
		28FFEE301C32F3120068BB39 /* Frameworks */ = {
			isa = PBXFrameworksBuildPhase;
			buildActionMask = 2147483647;
			files = (
			);
			runOnlyForDeploymentPostprocessing = 0;
		};
		28FFEE441C32F3120068BB39 /* Frameworks */ = {
			isa = PBXFrameworksBuildPhase;
			buildActionMask = 2147483647;
			files = (
			);
			runOnlyForDeploymentPostprocessing = 0;
		};
		28FFEE4F1C32F3120068BB39 /* Frameworks */ = {
			isa = PBXFrameworksBuildPhase;
			buildActionMask = 2147483647;
			files = (
			);
			runOnlyForDeploymentPostprocessing = 0;
		};
/* End PBXFrameworksBuildPhase section */

/* Begin PBXGroup section */
		28FFEE2A1C32F3120068BB39 = {
			isa = PBXGroup;
			children = (
				28FFEE351C32F3120068BB39 /* justLabel */,
				28FFEE4A1C32F3120068BB39 /* justLabelTests */,
				28FFEE551C32F3120068BB39 /* justLabelUITests */,
				28FFEE341C32F3120068BB39 /* Products */,
			);
			sourceTree = "<group>";
		};
		28FFEE341C32F3120068BB39 /* Products */ = {
			isa = PBXGroup;
			children = (
				28FFEE331C32F3120068BB39 /* justLabel.app */,
				28FFEE471C32F3120068BB39 /* justLabelTests.xctest */,
				28FFEE521C32F3120068BB39 /* justLabelUITests.xctest */,
			);
			name = Products;
			sourceTree = "<group>";
		};
		28FFEE351C32F3120068BB39 /* justLabel */ = {
			isa = PBXGroup;
			children = (
				28FFEE361C32F3120068BB39 /* AppDelegate.swift */,
				28FFEE381C32F3120068BB39 /* ViewController.swift */,
				28FFEE3A1C32F3120068BB39 /* Main.storyboard */,
				28FFEE3D1C32F3120068BB39 /* Assets.xcassets */,
				28FFEE3F1C32F3120068BB39 /* LaunchScreen.storyboard */,
				28FFEE421C32F3120068BB39 /* Info.plist */,
			);
			path = justLabel;
			sourceTree = "<group>";
		};
		28FFEE4A1C32F3120068BB39 /* justLabelTests */ = {
			isa = PBXGroup;
			children = (
				28FFEE4B1C32F3120068BB39 /* justLabelTests.swift */,
				28FFEE4D1C32F3120068BB39 /* Info.plist */,
			);
			path = justLabelTests;
			sourceTree = "<group>";
		};
		28FFEE551C32F3120068BB39 /* justLabelUITests */ = {
			isa = PBXGroup;
			children = (
				28FFEE561C32F3120068BB39 /* justLabelUITests.swift */,
				28FFEE581C32F3120068BB39 /* Info.plist */,
			);
			path = justLabelUITests;
			sourceTree = "<group>";
		};
/* End PBXGroup section */

/* Begin PBXNativeTarget section */
		28FFEE321C32F3120068BB39 /* justLabel */ = {
			isa = PBXNativeTarget;
			buildConfigurationList = 28FFEE5B1C32F3120068BB39 /* Build configuration list for PBXNativeTarget "justLabel" */;
			buildPhases = (
				28FFEE2F1C32F3120068BB39 /* Sources */,
				28FFEE301C32F3120068BB39 /* Frameworks */,
				28FFEE311C32F3120068BB39 /* Resources */,
			);
			buildRules = (
			);
			dependencies = (
			);
			name = justLabel;
			productName = justLabel;
			productReference = 28FFEE331C32F3120068BB39 /* justLabel.app */;
			productType = "com.apple.product-type.application";
		};
		28FFEE461C32F3120068BB39 /* justLabelTests */ = {
			isa = PBXNativeTarget;
			buildConfigurationList = 28FFEE5E1C32F3120068BB39 /* Build configuration list for PBXNativeTarget "justLabelTests" */;
			buildPhases = (
				28FFEE431C32F3120068BB39 /* Sources */,
				28FFEE441C32F3120068BB39 /* Frameworks */,
				28FFEE451C32F3120068BB39 /* Resources */,
			);
			buildRules = (
			);
			dependencies = (
				28FFEE491C32F3120068BB39 /* PBXTargetDependency */,
			);
			name = justLabelTests;
			productName = justLabelTests;
			productReference = 28FFEE471C32F3120068BB39 /* justLabelTests.xctest */;
			productType = "com.apple.product-type.bundle.unit-test";
		};
		28FFEE511C32F3120068BB39 /* justLabelUITests */ = {
			isa = PBXNativeTarget;
			buildConfigurationList = 28FFEE611C32F3120068BB39 /* Build configuration list for PBXNativeTarget "justLabelUITests" */;
			buildPhases = (
				28FFEE4E1C32F3120068BB39 /* Sources */,
				28FFEE4F1C32F3120068BB39 /* Frameworks */,
				28FFEE501C32F3120068BB39 /* Resources */,
			);
			buildRules = (
			);
			dependencies = (
				28FFEE541C32F3120068BB39 /* PBXTargetDependency */,
			);
			name = justLabelUITests;
			productName = justLabelUITests;
			productReference = 28FFEE521C32F3120068BB39 /* justLabelUITests.xctest */;
			productType = "com.apple.product-type.bundle.ui-testing";
		};
/* End PBXNativeTarget section */

/* Begin PBXProject section */
		28FFEE2B1C32F3120068BB39 /* Project object */ = {
			isa = PBXProject;
			attributes = {
				LastSwiftUpdateCheck = 0720;
				LastUpgradeCheck = 0720;
				ORGANIZATIONNAME = "Fresh Digital";
				TargetAttributes = {
					28FFEE321C32F3120068BB39 = {
						CreatedOnToolsVersion = 7.2;
					};
					28FFEE461C32F3120068BB39 = {
						CreatedOnToolsVersion = 7.2;
						TestTargetID = 28FFEE321C32F3120068BB39;
					};
					28FFEE511C32F3120068BB39 = {
						CreatedOnToolsVersion = 7.2;
						TestTargetID = 28FFEE321C32F3120068BB39;
					};
				};
			};
			buildConfigurationList = 28FFEE2E1C32F3120068BB39 /* Build configuration list for PBXProject "justLabel" */;
			compatibilityVersion = "Xcode 3.2";
			developmentRegion = English;
			hasScannedForEncodings = 0;
			knownRegions = (
				en,
				Base,
			);
			mainGroup = 28FFEE2A1C32F3120068BB39;
			productRefGroup = 28FFEE341C32F3120068BB39 /* Products */;
			projectDirPath = "";
			projectRoot = "";
			targets = (
				28FFEE321C32F3120068BB39 /* justLabel */,
				28FFEE461C32F3120068BB39 /* justLabelTests */,
				28FFEE511C32F3120068BB39 /* justLabelUITests */,
			);
		};
/* End PBXProject section */

/* Begin PBXResourcesBuildPhase section */
		28FFEE311C32F3120068BB39 /* Resources */ = {
			isa = PBXResourcesBuildPhase;
			buildActionMask = 2147483647;
			files = (
				28FFEE411C32F3120068BB39 /* LaunchScreen.storyboard in Resources */,
				28FFEE3E1C32F3120068BB39 /* Assets.xcassets in Resources */,
				28FFEE3C1C32F3120068BB39 /* Main.storyboard in Resources */,
			);
			runOnlyForDeploymentPostprocessing = 0;
		};
		28FFEE451C32F3120068BB39 /* Resources */ = {
			isa = PBXResourcesBuildPhase;
			buildActionMask = 2147483647;
			files = (
			);
			runOnlyForDeploymentPostprocessing = 0;
		};
		28FFEE501C32F3120068BB39 /* Resources */ = {
			isa = PBXResourcesBuildPhase;
			buildActionMask = 2147483647;
			files = (
			);
			runOnlyForDeploymentPostprocessing = 0;
		};
/* End PBXResourcesBuildPhase section */

/* Begin PBXSourcesBuildPhase section */
		28FFEE2F1C32F3120068BB39 /* Sources */ = {
			isa = PBXSourcesBuildPhase;
			buildActionMask = 2147483647;
			files = (
				28FFEE391C32F3120068BB39 /* ViewController.swift in Sources */,
				28FFEE371C32F3120068BB39 /* AppDelegate.swift in Sources */,
			);
			runOnlyForDeploymentPostprocessing = 0;
		};
		28FFEE431C32F3120068BB39 /* Sources */ = {
			isa = PBXSourcesBuildPhase;
			buildActionMask = 2147483647;
			files = (
				28FFEE4C1C32F3120068BB39 /* justLabelTests.swift in Sources */,
			);
			runOnlyForDeploymentPostprocessing = 0;
		};
		28FFEE4E1C32F3120068BB39 /* Sources */ = {
			isa = PBXSourcesBuildPhase;
			buildActionMask = 2147483647;
			files = (
				28FFEE571C32F3120068BB39 /* justLabelUITests.swift in Sources */,
			);
			runOnlyForDeploymentPostprocessing = 0;
		};
/* End PBXSourcesBuildPhase section */

/* Begin PBXTargetDependency section */
		28FFEE491C32F3120068BB39 /* PBXTargetDependency */ = {
			isa = PBXTargetDependency;
			target = 28FFEE321C32F3120068BB39 /* justLabel */;
			targetProxy = 28FFEE481C32F3120068BB39 /* PBXContainerItemProxy */;
		};
		28FFEE541C32F3120068BB39 /* PBXTargetDependency */ = {
			isa = PBXTargetDependency;
			target = 28FFEE321C32F3120068BB39 /* justLabel */;
			targetProxy = 28FFEE531C32F3120068BB39 /* PBXContainerItemProxy */;
		};
/* End PBXTargetDependency section */

/* Begin PBXVariantGroup section */
		28FFEE3A1C32F3120068BB39 /* Main.storyboard */ = {
			isa = PBXVariantGroup;
			children = (
				28FFEE3B1C32F3120068BB39 /* Base */,
			);
			name = Main.storyboard;
			sourceTree = "<group>";
		};
		28FFEE3F1C32F3120068BB39 /* LaunchScreen.storyboard */ = {
			isa = PBXVariantGroup;
			children = (
				28FFEE401C32F3120068BB39 /* Base */,
			);
			name = LaunchScreen.storyboard;
			sourceTree = "<group>";
		};
/* End PBXVariantGroup section */

/* Begin XCBuildConfiguration section */
		28FFEE591C32F3120068BB39 /* Debug */ = {
			isa = XCBuildConfiguration;
			buildSettings = {
				ALWAYS_SEARCH_USER_PATHS = NO;
				CLANG_CXX_LANGUAGE_STANDARD = "gnu++0x";
				CLANG_CXX_LIBRARY = "libc++";
				CLANG_ENABLE_MODULES = YES;
				CLANG_ENABLE_OBJC_ARC = YES;
				CLANG_WARN_BOOL_CONVERSION = YES;
				CLANG_WARN_CONSTANT_CONVERSION = YES;
				CLANG_WARN_DIRECT_OBJC_ISA_USAGE = YES_ERROR;
				CLANG_WARN_EMPTY_BODY = YES;
				CLANG_WARN_ENUM_CONVERSION = YES;
				CLANG_WARN_INT_CONVERSION = YES;
				CLANG_WARN_OBJC_ROOT_CLASS = YES_ERROR;
				CLANG_WARN_UNREACHABLE_CODE = YES;
				CLANG_WARN__DUPLICATE_METHOD_MATCH = YES;
				"CODE_SIGN_IDENTITY[sdk=iphoneos*]" = "iPhone Developer";
				COPY_PHASE_STRIP = NO;
				DEBUG_INFORMATION_FORMAT = dwarf;
				ENABLE_STRICT_OBJC_MSGSEND = YES;
				ENABLE_TESTABILITY = YES;
				GCC_C_LANGUAGE_STANDARD = gnu99;
				GCC_DYNAMIC_NO_PIC = NO;
				GCC_NO_COMMON_BLOCKS = YES;
				GCC_OPTIMIZATION_LEVEL = 0;
				GCC_PREPROCESSOR_DEFINITIONS = (
					"DEBUG=1",
					"$(inherited)",
				);
				GCC_WARN_64_TO_32_BIT_CONVERSION = YES;
				GCC_WARN_ABOUT_RETURN_TYPE = YES_ERROR;
				GCC_WARN_UNDECLARED_SELECTOR = YES;
				GCC_WARN_UNINITIALIZED_AUTOS = YES_AGGRESSIVE;
				GCC_WARN_UNUSED_FUNCTION = YES;
				GCC_WARN_UNUSED_VARIABLE = YES;
				IPHONEOS_DEPLOYMENT_TARGET = 9.2;
				MTL_ENABLE_DEBUG_INFO = YES;
				ONLY_ACTIVE_ARCH = YES;
				SDKROOT = iphoneos;
				SWIFT_OPTIMIZATION_LEVEL = "-Onone";
			};
			name = Debug;
		};
		28FFEE5A1C32F3120068BB39 /* Release */ = {
			isa = XCBuildConfiguration;
			buildSettings = {
				ALWAYS_SEARCH_USER_PATHS = NO;
				CLANG_CXX_LANGUAGE_STANDARD = "gnu++0x";
				CLANG_CXX_LIBRARY = "libc++";
				CLANG_ENABLE_MODULES = YES;
				CLANG_ENABLE_OBJC_ARC = YES;
				CLANG_WARN_BOOL_CONVERSION = YES;
				CLANG_WARN_CONSTANT_CONVERSION = YES;
				CLANG_WARN_DIRECT_OBJC_ISA_USAGE = YES_ERROR;
				CLANG_WARN_EMPTY_BODY = YES;
				CLANG_WARN_ENUM_CONVERSION = YES;
				CLANG_WARN_INT_CONVERSION = YES;
				CLANG_WARN_OBJC_ROOT_CLASS = YES_ERROR;
				CLANG_WARN_UNREACHABLE_CODE = YES;
				CLANG_WARN__DUPLICATE_METHOD_MATCH = YES;
				"CODE_SIGN_IDENTITY[sdk=iphoneos*]" = "iPhone Developer";
				COPY_PHASE_STRIP = NO;
				DEBUG_INFORMATION_FORMAT = "dwarf-with-dsym";
				ENABLE_NS_ASSERTIONS = NO;
				ENABLE_STRICT_OBJC_MSGSEND = YES;
				GCC_C_LANGUAGE_STANDARD = gnu99;
				GCC_NO_COMMON_BLOCKS = YES;
				GCC_WARN_64_TO_32_BIT_CONVERSION = YES;
				GCC_WARN_ABOUT_RETURN_TYPE = YES_ERROR;
				GCC_WARN_UNDECLARED_SELECTOR = YES;
				GCC_WARN_UNINITIALIZED_AUTOS = YES_AGGRESSIVE;
				GCC_WARN_UNUSED_FUNCTION = YES;
				GCC_WARN_UNUSED_VARIABLE = YES;
				IPHONEOS_DEPLOYMENT_TARGET = 9.2;
				MTL_ENABLE_DEBUG_INFO = NO;
				SDKROOT = iphoneos;
				VALIDATE_PRODUCT = YES;
			};
			name = Release;
		};
		28FFEE5C1C32F3120068BB39 /* Debug */ = {
			isa = XCBuildConfiguration;
			buildSettings = {
				ASSETCATALOG_COMPILER_APPICON_NAME = AppIcon;
				INFOPLIST_FILE = justLabel/Info.plist;
				LD_RUNPATH_SEARCH_PATHS = "$(inherited) @executable_path/Frameworks";
				PRODUCT_BUNDLE_IDENTIFIER = com.Paresh.justLabel;
				PRODUCT_NAME = "$(TARGET_NAME)";
			};
			name = Debug;
		};
		28FFEE5D1C32F3120068BB39 /* Release */ = {
			isa = XCBuildConfiguration;
			buildSettings = {
				ASSETCATALOG_COMPILER_APPICON_NAME = AppIcon;
				INFOPLIST_FILE = justLabel/Info.plist;
				LD_RUNPATH_SEARCH_PATHS = "$(inherited) @executable_path/Frameworks";
				PRODUCT_BUNDLE_IDENTIFIER = com.Paresh.justLabel;
				PRODUCT_NAME = "$(TARGET_NAME)";
			};
			name = Release;
		};
		28FFEE5F1C32F3120068BB39 /* Debug */ = {
			isa = XCBuildConfiguration;
			buildSettings = {
				BUNDLE_LOADER = "$(TEST_HOST)";
				INFOPLIST_FILE = justLabelTests/Info.plist;
				LD_RUNPATH_SEARCH_PATHS = "$(inherited) @executable_path/Frameworks @loader_path/Frameworks";
				PRODUCT_BUNDLE_IDENTIFIER = com.Paresh.justLabelTests;
				PRODUCT_NAME = "$(TARGET_NAME)";
				TEST_HOST = "$(BUILT_PRODUCTS_DIR)/justLabel.app/justLabel";
			};
			name = Debug;
		};
		28FFEE601C32F3120068BB39 /* Release */ = {
			isa = XCBuildConfiguration;
			buildSettings = {
				BUNDLE_LOADER = "$(TEST_HOST)";
				INFOPLIST_FILE = justLabelTests/Info.plist;
				LD_RUNPATH_SEARCH_PATHS = "$(inherited) @executable_path/Frameworks @loader_path/Frameworks";
				PRODUCT_BUNDLE_IDENTIFIER = com.Paresh.justLabelTests;
				PRODUCT_NAME = "$(TARGET_NAME)";
				TEST_HOST = "$(BUILT_PRODUCTS_DIR)/justLabel.app/justLabel";
			};
			name = Release;
		};
		28FFEE621C32F3120068BB39 /* Debug */ = {
			isa = XCBuildConfiguration;
			buildSettings = {
				INFOPLIST_FILE = justLabelUITests/Info.plist;
				LD_RUNPATH_SEARCH_PATHS = "$(inherited) @executable_path/Frameworks @loader_path/Frameworks";
				PRODUCT_BUNDLE_IDENTIFIER = com.Paresh.justLabelUITests;
				PRODUCT_NAME = "$(TARGET_NAME)";
				TEST_TARGET_NAME = justLabel;
				USES_XCTRUNNER = YES;
			};
			name = Debug;
		};
		28FFEE631C32F3120068BB39 /* Release */ = {
			isa = XCBuildConfiguration;
			buildSettings = {
				INFOPLIST_FILE = justLabelUITests/Info.plist;
				LD_RUNPATH_SEARCH_PATHS = "$(inherited) @executable_path/Frameworks @loader_path/Frameworks";
				PRODUCT_BUNDLE_IDENTIFIER = com.Paresh.justLabelUITests;
				PRODUCT_NAME = "$(TARGET_NAME)";
				TEST_TARGET_NAME = justLabel;
				USES_XCTRUNNER = YES;
			};
			name = Release;
		};
/* End XCBuildConfiguration section */

/* Begin XCConfigurationList section */
		28FFEE2E1C32F3120068BB39 /* Build configuration list for PBXProject "justLabel" */ = {
			isa = XCConfigurationList;
			buildConfigurations = (
				28FFEE591C32F3120068BB39 /* Debug */,
				28FFEE5A1C32F3120068BB39 /* Release */,
			);
			defaultConfigurationIsVisible = 0;
			defaultConfigurationName = Release;
		};
		28FFEE5B1C32F3120068BB39 /* Build configuration list for PBXNativeTarget "justLabel" */ = {
			isa = XCConfigurationList;
			buildConfigurations = (
				28FFEE5C1C32F3120068BB39 /* Debug */,
				28FFEE5D1C32F3120068BB39 /* Release */,
			);
			defaultConfigurationIsVisible = 0;
		};
		28FFEE5E1C32F3120068BB39 /* Build configuration list for PBXNativeTarget "justLabelTests" */ = {
			isa = XCConfigurationList;
			buildConfigurations = (
				28FFEE5F1C32F3120068BB39 /* Debug */,
				28FFEE601C32F3120068BB39 /* Release */,
			);
			defaultConfigurationIsVisible = 0;
		};
		28FFEE611C32F3120068BB39 /* Build configuration list for PBXNativeTarget "justLabelUITests" */ = {
			isa = XCConfigurationList;
			buildConfigurations = (
				28FFEE621C32F3120068BB39 /* Debug */,
				28FFEE631C32F3120068BB39 /* Release */,
			);
			defaultConfigurationIsVisible = 0;
		};
/* End XCConfigurationList section */
	};
	rootObject = 28FFEE2B1C32F3120068BB39 /* Project object */;
}
