// !$*UTF8*$!
{
	archiveVersion = 1;
	classes = {
	};
	objectVersion = 46;
	objects = {

/* Begin PBXBuildFile section */
		28E779171C233DEA00175DE9 /* AppDelegate.swift in Sources */ = {isa = PBXBuildFile; fileRef = 28E779161C233DEA00175DE9 /* AppDelegate.swift */; };
		28E779191C233DEA00175DE9 /* ViewController.swift in Sources */ = {isa = PBXBuildFile; fileRef = 28E779181C233DEA00175DE9 /* ViewController.swift */; };
		28E7791C1C233DEA00175DE9 /* Main.storyboard in Resources */ = {isa = PBXBuildFile; fileRef = 28E7791A1C233DEA00175DE9 /* Main.storyboard */; };
		28E7791E1C233DEA00175DE9 /* Assets.xcassets in Resources */ = {isa = PBXBuildFile; fileRef = 28E7791D1C233DEA00175DE9 /* Assets.xcassets */; };
		28E779211C233DEA00175DE9 /* LaunchScreen.storyboard in Resources */ = {isa = PBXBuildFile; fileRef = 28E7791F1C233DEA00175DE9 /* LaunchScreen.storyboard */; };
		28E7792C1C233DEA00175DE9 /* newAppTests.swift in Sources */ = {isa = PBXBuildFile; fileRef = 28E7792B1C233DEA00175DE9 /* newAppTests.swift */; };
		28E779371C233DEA00175DE9 /* newAppUITests.swift in Sources */ = {isa = PBXBuildFile; fileRef = 28E779361C233DEA00175DE9 /* newAppUITests.swift */; };
/* End PBXBuildFile section */

/* Begin PBXContainerItemProxy section */
		28E779281C233DEA00175DE9 /* PBXContainerItemProxy */ = {
			isa = PBXContainerItemProxy;
			containerPortal = 28E7790B1C233DEA00175DE9 /* Project object */;
			proxyType = 1;
			remoteGlobalIDString = 28E779121C233DEA00175DE9;
			remoteInfo = newApp;
		};
		28E779331C233DEA00175DE9 /* PBXContainerItemProxy */ = {
			isa = PBXContainerItemProxy;
			containerPortal = 28E7790B1C233DEA00175DE9 /* Project object */;
			proxyType = 1;
			remoteGlobalIDString = 28E779121C233DEA00175DE9;
			remoteInfo = newApp;
		};
/* End PBXContainerItemProxy section */

/* Begin PBXFileReference section */
		28E779131C233DEA00175DE9 /* newApp.app */ = {isa = PBXFileReference; explicitFileType = wrapper.application; includeInIndex = 0; path = newApp.app; sourceTree = BUILT_PRODUCTS_DIR; };
		28E779161C233DEA00175DE9 /* AppDelegate.swift */ = {isa = PBXFileReference; lastKnownFileType = sourcecode.swift; path = AppDelegate.swift; sourceTree = "<group>"; };
		28E779181C233DEA00175DE9 /* ViewController.swift */ = {isa = PBXFileReference; lastKnownFileType = sourcecode.swift; path = ViewController.swift; sourceTree = "<group>"; };
		28E7791B1C233DEA00175DE9 /* Base */ = {isa = PBXFileReference; lastKnownFileType = file.storyboard; name = Base; path = Base.lproj/Main.storyboard; sourceTree = "<group>"; };
		28E7791D1C233DEA00175DE9 /* Assets.xcassets */ = {isa = PBXFileReference; lastKnownFileType = folder.assetcatalog; path = Assets.xcassets; sourceTree = "<group>"; };
		28E779201C233DEA00175DE9 /* Base */ = {isa = PBXFileReference; lastKnownFileType = file.storyboard; name = Base; path = Base.lproj/LaunchScreen.storyboard; sourceTree = "<group>"; };
		28E779221C233DEA00175DE9 /* Info.plist */ = {isa = PBXFileReference; lastKnownFileType = text.plist.xml; path = Info.plist; sourceTree = "<group>"; };
		28E779271C233DEA00175DE9 /* newAppTests.xctest */ = {isa = PBXFileReference; explicitFileType = wrapper.cfbundle; includeInIndex = 0; path = newAppTests.xctest; sourceTree = BUILT_PRODUCTS_DIR; };
		28E7792B1C233DEA00175DE9 /* newAppTests.swift */ = {isa = PBXFileReference; lastKnownFileType = sourcecode.swift; path = newAppTests.swift; sourceTree = "<group>"; };
		28E7792D1C233DEA00175DE9 /* Info.plist */ = {isa = PBXFileReference; lastKnownFileType = text.plist.xml; path = Info.plist; sourceTree = "<group>"; };
		28E779321C233DEA00175DE9 /* newAppUITests.xctest */ = {isa = PBXFileReference; explicitFileType = wrapper.cfbundle; includeInIndex = 0; path = newAppUITests.xctest; sourceTree = BUILT_PRODUCTS_DIR; };
		28E779361C233DEA00175DE9 /* newAppUITests.swift */ = {isa = PBXFileReference; lastKnownFileType = sourcecode.swift; path = newAppUITests.swift; sourceTree = "<group>"; };
		28E779381C233DEA00175DE9 /* Info.plist */ = {isa = PBXFileReference; lastKnownFileType = text.plist.xml; path = Info.plist; sourceTree = "<group>"; };
/* End PBXFileReference section */

/* Begin PBXFrameworksBuildPhase section */
		28E779101C233DEA00175DE9 /* Frameworks */ = {
			isa = PBXFrameworksBuildPhase;
			buildActionMask = 2147483647;
			files = (
			);
			runOnlyForDeploymentPostprocessing = 0;
		};
		28E779241C233DEA00175DE9 /* Frameworks */ = {
			isa = PBXFrameworksBuildPhase;
			buildActionMask = 2147483647;
			files = (
			);
			runOnlyForDeploymentPostprocessing = 0;
		};
		28E7792F1C233DEA00175DE9 /* Frameworks */ = {
			isa = PBXFrameworksBuildPhase;
			buildActionMask = 2147483647;
			files = (
			);
			runOnlyForDeploymentPostprocessing = 0;
		};
/* End PBXFrameworksBuildPhase section */

/* Begin PBXGroup section */
		28E7790A1C233DEA00175DE9 = {
			isa = PBXGroup;
			children = (
				28E779151C233DEA00175DE9 /* newApp */,
				28E7792A1C233DEA00175DE9 /* newAppTests */,
				28E779351C233DEA00175DE9 /* newAppUITests */,
				28E779141C233DEA00175DE9 /* Products */,
			);
			sourceTree = "<group>";
		};
		28E779141C233DEA00175DE9 /* Products */ = {
			isa = PBXGroup;
			children = (
				28E779131C233DEA00175DE9 /* newApp.app */,
				28E779271C233DEA00175DE9 /* newAppTests.xctest */,
				28E779321C233DEA00175DE9 /* newAppUITests.xctest */,
			);
			name = Products;
			sourceTree = "<group>";
		};
		28E779151C233DEA00175DE9 /* newApp */ = {
			isa = PBXGroup;
			children = (
				28E779161C233DEA00175DE9 /* AppDelegate.swift */,
				28E779181C233DEA00175DE9 /* ViewController.swift */,
				28E7791A1C233DEA00175DE9 /* Main.storyboard */,
				28E7791D1C233DEA00175DE9 /* Assets.xcassets */,
				28E7791F1C233DEA00175DE9 /* LaunchScreen.storyboard */,
				28E779221C233DEA00175DE9 /* Info.plist */,
			);
			path = newApp;
			sourceTree = "<group>";
		};
		28E7792A1C233DEA00175DE9 /* newAppTests */ = {
			isa = PBXGroup;
			children = (
				28E7792B1C233DEA00175DE9 /* newAppTests.swift */,
				28E7792D1C233DEA00175DE9 /* Info.plist */,
			);
			path = newAppTests;
			sourceTree = "<group>";
		};
		28E779351C233DEA00175DE9 /* newAppUITests */ = {
			isa = PBXGroup;
			children = (
				28E779361C233DEA00175DE9 /* newAppUITests.swift */,
				28E779381C233DEA00175DE9 /* Info.plist */,
			);
			path = newAppUITests;
			sourceTree = "<group>";
		};
/* End PBXGroup section */

/* Begin PBXNativeTarget section */
		28E779121C233DEA00175DE9 /* newApp */ = {
			isa = PBXNativeTarget;
			buildConfigurationList = 28E7793B1C233DEA00175DE9 /* Build configuration list for PBXNativeTarget "newApp" */;
			buildPhases = (
				28E7790F1C233DEA00175DE9 /* Sources */,
				28E779101C233DEA00175DE9 /* Frameworks */,
				28E779111C233DEA00175DE9 /* Resources */,
			);
			buildRules = (
			);
			dependencies = (
			);
			name = newApp;
			productName = newApp;
			productReference = 28E779131C233DEA00175DE9 /* newApp.app */;
			productType = "com.apple.product-type.application";
		};
		28E779261C233DEA00175DE9 /* newAppTests */ = {
			isa = PBXNativeTarget;
			buildConfigurationList = 28E7793E1C233DEA00175DE9 /* Build configuration list for PBXNativeTarget "newAppTests" */;
			buildPhases = (
				28E779231C233DEA00175DE9 /* Sources */,
				28E779241C233DEA00175DE9 /* Frameworks */,
				28E779251C233DEA00175DE9 /* Resources */,
			);
			buildRules = (
			);
			dependencies = (
				28E779291C233DEA00175DE9 /* PBXTargetDependency */,
			);
			name = newAppTests;
			productName = newAppTests;
			productReference = 28E779271C233DEA00175DE9 /* newAppTests.xctest */;
			productType = "com.apple.product-type.bundle.unit-test";
		};
		28E779311C233DEA00175DE9 /* newAppUITests */ = {
			isa = PBXNativeTarget;
			buildConfigurationList = 28E779411C233DEA00175DE9 /* Build configuration list for PBXNativeTarget "newAppUITests" */;
			buildPhases = (
				28E7792E1C233DEA00175DE9 /* Sources */,
				28E7792F1C233DEA00175DE9 /* Frameworks */,
				28E779301C233DEA00175DE9 /* Resources */,
			);
			buildRules = (
			);
			dependencies = (
				28E779341C233DEA00175DE9 /* PBXTargetDependency */,
			);
			name = newAppUITests;
			productName = newAppUITests;
			productReference = 28E779321C233DEA00175DE9 /* newAppUITests.xctest */;
			productType = "com.apple.product-type.bundle.ui-testing";
		};
/* End PBXNativeTarget section */

/* Begin PBXProject section */
		28E7790B1C233DEA00175DE9 /* Project object */ = {
			isa = PBXProject;
			attributes = {
				LastSwiftUpdateCheck = 0720;
				LastUpgradeCheck = 0720;
				ORGANIZATIONNAME = "Fresh Digital";
				TargetAttributes = {
					28E779121C233DEA00175DE9 = {
						CreatedOnToolsVersion = 7.2;
					};
					28E779261C233DEA00175DE9 = {
						CreatedOnToolsVersion = 7.2;
						TestTargetID = 28E779121C233DEA00175DE9;
					};
					28E779311C233DEA00175DE9 = {
						CreatedOnToolsVersion = 7.2;
						TestTargetID = 28E779121C233DEA00175DE9;
					};
				};
			};
			buildConfigurationList = 28E7790E1C233DEA00175DE9 /* Build configuration list for PBXProject "newApp" */;
			compatibilityVersion = "Xcode 3.2";
			developmentRegion = English;
			hasScannedForEncodings = 0;
			knownRegions = (
				en,
				Base,
			);
			mainGroup = 28E7790A1C233DEA00175DE9;
			productRefGroup = 28E779141C233DEA00175DE9 /* Products */;
			projectDirPath = "";
			projectRoot = "";
			targets = (
				28E779121C233DEA00175DE9 /* newApp */,
				28E779261C233DEA00175DE9 /* newAppTests */,
				28E779311C233DEA00175DE9 /* newAppUITests */,
			);
		};
/* End PBXProject section */

/* Begin PBXResourcesBuildPhase section */
		28E779111C233DEA00175DE9 /* Resources */ = {
			isa = PBXResourcesBuildPhase;
			buildActionMask = 2147483647;
			files = (
				28E779211C233DEA00175DE9 /* LaunchScreen.storyboard in Resources */,
				28E7791E1C233DEA00175DE9 /* Assets.xcassets in Resources */,
				28E7791C1C233DEA00175DE9 /* Main.storyboard in Resources */,
			);
			runOnlyForDeploymentPostprocessing = 0;
		};
		28E779251C233DEA00175DE9 /* Resources */ = {
			isa = PBXResourcesBuildPhase;
			buildActionMask = 2147483647;
			files = (
			);
			runOnlyForDeploymentPostprocessing = 0;
		};
		28E779301C233DEA00175DE9 /* Resources */ = {
			isa = PBXResourcesBuildPhase;
			buildActionMask = 2147483647;
			files = (
			);
			runOnlyForDeploymentPostprocessing = 0;
		};
/* End PBXResourcesBuildPhase section */

/* Begin PBXSourcesBuildPhase section */
		28E7790F1C233DEA00175DE9 /* Sources */ = {
			isa = PBXSourcesBuildPhase;
			buildActionMask = 2147483647;
			files = (
				28E779191C233DEA00175DE9 /* ViewController.swift in Sources */,
				28E779171C233DEA00175DE9 /* AppDelegate.swift in Sources */,
			);
			runOnlyForDeploymentPostprocessing = 0;
		};
		28E779231C233DEA00175DE9 /* Sources */ = {
			isa = PBXSourcesBuildPhase;
			buildActionMask = 2147483647;
			files = (
				28E7792C1C233DEA00175DE9 /* newAppTests.swift in Sources */,
			);
			runOnlyForDeploymentPostprocessing = 0;
		};
		28E7792E1C233DEA00175DE9 /* Sources */ = {
			isa = PBXSourcesBuildPhase;
			buildActionMask = 2147483647;
			files = (
				28E779371C233DEA00175DE9 /* newAppUITests.swift in Sources */,
			);
			runOnlyForDeploymentPostprocessing = 0;
		};
/* End PBXSourcesBuildPhase section */

/* Begin PBXTargetDependency section */
		28E779291C233DEA00175DE9 /* PBXTargetDependency */ = {
			isa = PBXTargetDependency;
			target = 28E779121C233DEA00175DE9 /* newApp */;
			targetProxy = 28E779281C233DEA00175DE9 /* PBXContainerItemProxy */;
		};
		28E779341C233DEA00175DE9 /* PBXTargetDependency */ = {
			isa = PBXTargetDependency;
			target = 28E779121C233DEA00175DE9 /* newApp */;
			targetProxy = 28E779331C233DEA00175DE9 /* PBXContainerItemProxy */;
		};
/* End PBXTargetDependency section */

/* Begin PBXVariantGroup section */
		28E7791A1C233DEA00175DE9 /* Main.storyboard */ = {
			isa = PBXVariantGroup;
			children = (
				28E7791B1C233DEA00175DE9 /* Base */,
			);
			name = Main.storyboard;
			sourceTree = "<group>";
		};
		28E7791F1C233DEA00175DE9 /* LaunchScreen.storyboard */ = {
			isa = PBXVariantGroup;
			children = (
				28E779201C233DEA00175DE9 /* Base */,
			);
			name = LaunchScreen.storyboard;
			sourceTree = "<group>";
		};
/* End PBXVariantGroup section */

/* Begin XCBuildConfiguration section */
		28E779391C233DEA00175DE9 /* Debug */ = {
			isa = XCBuildConfiguration;
			buildSettings = {
				ALWAYS_SEARCH_USER_PATHS = NO;
				CLANG_CXX_LANGUAGE_STANDARD = "gnu++0x";
				CLANG_CXX_LIBRARY = "libc++";
				CLANG_ENABLE_MODULES = YES;
				CLANG_ENABLE_OBJC_ARC = YES;
				CLANG_WARN_BOOL_CONVERSION = YES;
				CLANG_WARN_CONSTANT_CONVERSION = YES;
				CLANG_WARN_DIRECT_OBJC_ISA_USAGE = YES_ERROR;
				CLANG_WARN_EMPTY_BODY = YES;
				CLANG_WARN_ENUM_CONVERSION = YES;
				CLANG_WARN_INT_CONVERSION = YES;
				CLANG_WARN_OBJC_ROOT_CLASS = YES_ERROR;
				CLANG_WARN_UNREACHABLE_CODE = YES;
				CLANG_WARN__DUPLICATE_METHOD_MATCH = YES;
				"CODE_SIGN_IDENTITY[sdk=iphoneos*]" = "iPhone Developer";
				COPY_PHASE_STRIP = NO;
				DEBUG_INFORMATION_FORMAT = dwarf;
				ENABLE_STRICT_OBJC_MSGSEND = YES;
				ENABLE_TESTABILITY = YES;
				GCC_C_LANGUAGE_STANDARD = gnu99;
				GCC_DYNAMIC_NO_PIC = NO;
				GCC_NO_COMMON_BLOCKS = YES;
				GCC_OPTIMIZATION_LEVEL = 0;
				GCC_PREPROCESSOR_DEFINITIONS = (
					"DEBUG=1",
					"$(inherited)",
				);
				GCC_WARN_64_TO_32_BIT_CONVERSION = YES;
				GCC_WARN_ABOUT_RETURN_TYPE = YES_ERROR;
				GCC_WARN_UNDECLARED_SELECTOR = YES;
				GCC_WARN_UNINITIALIZED_AUTOS = YES_AGGRESSIVE;
				GCC_WARN_UNUSED_FUNCTION = YES;
				GCC_WARN_UNUSED_VARIABLE = YES;
				IPHONEOS_DEPLOYMENT_TARGET = 9.2;
				MTL_ENABLE_DEBUG_INFO = YES;
				ONLY_ACTIVE_ARCH = YES;
				SDKROOT = iphoneos;
				SWIFT_OPTIMIZATION_LEVEL = "-Onone";
			};
			name = Debug;
		};
		28E7793A1C233DEA00175DE9 /* Release */ = {
			isa = XCBuildConfiguration;
			buildSettings = {
				ALWAYS_SEARCH_USER_PATHS = NO;
				CLANG_CXX_LANGUAGE_STANDARD = "gnu++0x";
				CLANG_CXX_LIBRARY = "libc++";
				CLANG_ENABLE_MODULES = YES;
				CLANG_ENABLE_OBJC_ARC = YES;
				CLANG_WARN_BOOL_CONVERSION = YES;
				CLANG_WARN_CONSTANT_CONVERSION = YES;
				CLANG_WARN_DIRECT_OBJC_ISA_USAGE = YES_ERROR;
				CLANG_WARN_EMPTY_BODY = YES;
				CLANG_WARN_ENUM_CONVERSION = YES;
				CLANG_WARN_INT_CONVERSION = YES;
				CLANG_WARN_OBJC_ROOT_CLASS = YES_ERROR;
				CLANG_WARN_UNREACHABLE_CODE = YES;
				CLANG_WARN__DUPLICATE_METHOD_MATCH = YES;
				"CODE_SIGN_IDENTITY[sdk=iphoneos*]" = "iPhone Developer";
				COPY_PHASE_STRIP = NO;
				DEBUG_INFORMATION_FORMAT = "dwarf-with-dsym";
				ENABLE_NS_ASSERTIONS = NO;
				ENABLE_STRICT_OBJC_MSGSEND = YES;
				GCC_C_LANGUAGE_STANDARD = gnu99;
				GCC_NO_COMMON_BLOCKS = YES;
				GCC_WARN_64_TO_32_BIT_CONVERSION = YES;
				GCC_WARN_ABOUT_RETURN_TYPE = YES_ERROR;
				GCC_WARN_UNDECLARED_SELECTOR = YES;
				GCC_WARN_UNINITIALIZED_AUTOS = YES_AGGRESSIVE;
				GCC_WARN_UNUSED_FUNCTION = YES;
				GCC_WARN_UNUSED_VARIABLE = YES;
				IPHONEOS_DEPLOYMENT_TARGET = 9.2;
				MTL_ENABLE_DEBUG_INFO = NO;
				SDKROOT = iphoneos;
				VALIDATE_PRODUCT = YES;
			};
			name = Release;
		};
		28E7793C1C233DEA00175DE9 /* Debug */ = {
			isa = XCBuildConfiguration;
			buildSettings = {
				ASSETCATALOG_COMPILER_APPICON_NAME = AppIcon;
				INFOPLIST_FILE = newApp/Info.plist;
				LD_RUNPATH_SEARCH_PATHS = "$(inherited) @executable_path/Frameworks";
				PRODUCT_BUNDLE_IDENTIFIER = com.Paresh.newApp;
				PRODUCT_NAME = "$(TARGET_NAME)";
			};
			name = Debug;
		};
		28E7793D1C233DEA00175DE9 /* Release */ = {
			isa = XCBuildConfiguration;
			buildSettings = {
				ASSETCATALOG_COMPILER_APPICON_NAME = AppIcon;
				INFOPLIST_FILE = newApp/Info.plist;
				LD_RUNPATH_SEARCH_PATHS = "$(inherited) @executable_path/Frameworks";
				PRODUCT_BUNDLE_IDENTIFIER = com.Paresh.newApp;
				PRODUCT_NAME = "$(TARGET_NAME)";
			};
			name = Release;
		};
		28E7793F1C233DEA00175DE9 /* Debug */ = {
			isa = XCBuildConfiguration;
			buildSettings = {
				BUNDLE_LOADER = "$(TEST_HOST)";
				INFOPLIST_FILE = newAppTests/Info.plist;
				LD_RUNPATH_SEARCH_PATHS = "$(inherited) @executable_path/Frameworks @loader_path/Frameworks";
				PRODUCT_BUNDLE_IDENTIFIER = com.Paresh.newAppTests;
				PRODUCT_NAME = "$(TARGET_NAME)";
				TEST_HOST = "$(BUILT_PRODUCTS_DIR)/newApp.app/newApp";
			};
			name = Debug;
		};
		28E779401C233DEA00175DE9 /* Release */ = {
			isa = XCBuildConfiguration;
			buildSettings = {
				BUNDLE_LOADER = "$(TEST_HOST)";
				INFOPLIST_FILE = newAppTests/Info.plist;
				LD_RUNPATH_SEARCH_PATHS = "$(inherited) @executable_path/Frameworks @loader_path/Frameworks";
				PRODUCT_BUNDLE_IDENTIFIER = com.Paresh.newAppTests;
				PRODUCT_NAME = "$(TARGET_NAME)";
				TEST_HOST = "$(BUILT_PRODUCTS_DIR)/newApp.app/newApp";
			};
			name = Release;
		};
		28E779421C233DEA00175DE9 /* Debug */ = {
			isa = XCBuildConfiguration;
			buildSettings = {
				INFOPLIST_FILE = newAppUITests/Info.plist;
				LD_RUNPATH_SEARCH_PATHS = "$(inherited) @executable_path/Frameworks @loader_path/Frameworks";
				PRODUCT_BUNDLE_IDENTIFIER = com.Paresh.newAppUITests;
				PRODUCT_NAME = "$(TARGET_NAME)";
				TEST_TARGET_NAME = newApp;
				USES_XCTRUNNER = YES;
			};
			name = Debug;
		};
		28E779431C233DEA00175DE9 /* Release */ = {
			isa = XCBuildConfiguration;
			buildSettings = {
				INFOPLIST_FILE = newAppUITests/Info.plist;
				LD_RUNPATH_SEARCH_PATHS = "$(inherited) @executable_path/Frameworks @loader_path/Frameworks";
				PRODUCT_BUNDLE_IDENTIFIER = com.Paresh.newAppUITests;
				PRODUCT_NAME = "$(TARGET_NAME)";
				TEST_TARGET_NAME = newApp;
				USES_XCTRUNNER = YES;
			};
			name = Release;
		};
/* End XCBuildConfiguration section */

/* Begin XCConfigurationList section */
		28E7790E1C233DEA00175DE9 /* Build configuration list for PBXProject "newApp" */ = {
			isa = XCConfigurationList;
			buildConfigurations = (
				28E779391C233DEA00175DE9 /* Debug */,
				28E7793A1C233DEA00175DE9 /* Release */,
			);
			defaultConfigurationIsVisible = 0;
			defaultConfigurationName = Release;
		};
		28E7793B1C233DEA00175DE9 /* Build configuration list for PBXNativeTarget "newApp" */ = {
			isa = XCConfigurationList;
			buildConfigurations = (
				28E7793C1C233DEA00175DE9 /* Debug */,
				28E7793D1C233DEA00175DE9 /* Release */,
			);
			defaultConfigurationIsVisible = 0;
		};
		28E7793E1C233DEA00175DE9 /* Build configuration list for PBXNativeTarget "newAppTests" */ = {
			isa = XCConfigurationList;
			buildConfigurations = (
				28E7793F1C233DEA00175DE9 /* Debug */,
				28E779401C233DEA00175DE9 /* Release */,
			);
			defaultConfigurationIsVisible = 0;
		};
		28E779411C233DEA00175DE9 /* Build configuration list for PBXNativeTarget "newAppUITests" */ = {
			isa = XCConfigurationList;
			buildConfigurations = (
				28E779421C233DEA00175DE9 /* Debug */,
				28E779431C233DEA00175DE9 /* Release */,
			);
			defaultConfigurationIsVisible = 0;
		};
/* End XCConfigurationList section */
	};
	rootObject = 28E7790B1C233DEA00175DE9 /* Project object */;
}
